// !$*UTF8*$!
{
	archiveVersion = 1;
	classes = {
	};
	objectVersion = 46;
	objects = {

/* Begin PBXBuildFile section */
		AF7539FD1C7E75C10055D088 /* FoodDefinitions.swift in Sources */ = {isa = PBXBuildFile; fileRef = AF7539FC1C7E75C10055D088 /* FoodDefinitions.swift */; };
		AFABCE5B1C7E888400B711F3 /* FoodCell.swift in Sources */ = {isa = PBXBuildFile; fileRef = AFABCE5A1C7E888400B711F3 /* FoodCell.swift */; };
		AFABCE5D1C7E8B7300B711F3 /* FoodHeader.swift in Sources */ = {isa = PBXBuildFile; fileRef = AFABCE5C1C7E8B7300B711F3 /* FoodHeader.swift */; };
		AFCFBE621C7CBAD8007D360C /* DataManager+Recipes.swift in Sources */ = {isa = PBXBuildFile; fileRef = AFCFBE611C7CBAD8007D360C /* DataManager+Recipes.swift */; };
		AFCFBE651C7CC388007D360C /* DataManager+WineList.swift in Sources */ = {isa = PBXBuildFile; fileRef = AFCFBE641C7CC388007D360C /* DataManager+WineList.swift */; };
		AFCFBEE71C7CF863007D360C /* SearchOptions.swift in Sources */ = {isa = PBXBuildFile; fileRef = AFCFBEE61C7CF863007D360C /* SearchOptions.swift */; };
		AFCFBEEB1C7D2BD3007D360C /* DataManager+Session.swift in Sources */ = {isa = PBXBuildFile; fileRef = AFCFBEEA1C7D2BD3007D360C /* DataManager+Session.swift */; };
		AFD498C51C7BD47F0083B788 /* AppDelegate.swift in Sources */ = {isa = PBXBuildFile; fileRef = AFD498C41C7BD47F0083B788 /* AppDelegate.swift */; };
		AFD498C71C7BD47F0083B788 /* MainViewController.swift in Sources */ = {isa = PBXBuildFile; fileRef = AFD498C61C7BD47F0083B788 /* MainViewController.swift */; };
		AFD498CA1C7BD47F0083B788 /* Main.storyboard in Resources */ = {isa = PBXBuildFile; fileRef = AFD498C81C7BD47F0083B788 /* Main.storyboard */; };
		AFD498CC1C7BD47F0083B788 /* Assets.xcassets in Resources */ = {isa = PBXBuildFile; fileRef = AFD498CB1C7BD47F0083B788 /* Assets.xcassets */; };
		AFD498CF1C7BD47F0083B788 /* LaunchScreen.storyboard in Resources */ = {isa = PBXBuildFile; fileRef = AFD498CD1C7BD47F0083B788 /* LaunchScreen.storyboard */; };
		AFD498D71C7BD4930083B788 /* DataManager.swift in Sources */ = {isa = PBXBuildFile; fileRef = AFD498D61C7BD4930083B788 /* DataManager.swift */; };
		AFD498DD1C7BD54A0083B788 /* ModelObjects.swift in Sources */ = {isa = PBXBuildFile; fileRef = AFD498DC1C7BD54A0083B788 /* ModelObjects.swift */; };
/* End PBXBuildFile section */

/* Begin PBXFileReference section */
		AF7539FC1C7E75C10055D088 /* FoodDefinitions.swift */ = {isa = PBXFileReference; fileEncoding = 4; lastKnownFileType = sourcecode.swift; path = FoodDefinitions.swift; sourceTree = "<group>"; };
		AFABCE5A1C7E888400B711F3 /* FoodCell.swift */ = {isa = PBXFileReference; fileEncoding = 4; lastKnownFileType = sourcecode.swift; path = FoodCell.swift; sourceTree = "<group>"; };
		AFABCE5C1C7E8B7300B711F3 /* FoodHeader.swift */ = {isa = PBXFileReference; fileEncoding = 4; lastKnownFileType = sourcecode.swift; path = FoodHeader.swift; sourceTree = "<group>"; };
		AFCFBE611C7CBAD8007D360C /* DataManager+Recipes.swift */ = {isa = PBXFileReference; fileEncoding = 4; lastKnownFileType = sourcecode.swift; name = "DataManager+Recipes.swift"; path = "../DataManager+Recipes.swift"; sourceTree = "<group>"; };
		AFCFBE641C7CC388007D360C /* DataManager+WineList.swift */ = {isa = PBXFileReference; fileEncoding = 4; lastKnownFileType = sourcecode.swift; path = "DataManager+WineList.swift"; sourceTree = "<group>"; };
		AFCFBEE61C7CF863007D360C /* SearchOptions.swift */ = {isa = PBXFileReference; fileEncoding = 4; lastKnownFileType = sourcecode.swift; path = SearchOptions.swift; sourceTree = "<group>"; };
		AFCFBEEA1C7D2BD3007D360C /* DataManager+Session.swift */ = {isa = PBXFileReference; fileEncoding = 4; lastKnownFileType = sourcecode.swift; path = "DataManager+Session.swift"; sourceTree = "<group>"; };
		AFD498C11C7BD47F0083B788 /* WineFoodie.app */ = {isa = PBXFileReference; explicitFileType = wrapper.application; includeInIndex = 0; path = WineFoodie.app; sourceTree = BUILT_PRODUCTS_DIR; };
		AFD498C41C7BD47F0083B788 /* AppDelegate.swift */ = {isa = PBXFileReference; lastKnownFileType = sourcecode.swift; path = AppDelegate.swift; sourceTree = "<group>"; };
		AFD498C61C7BD47F0083B788 /* MainViewController.swift */ = {isa = PBXFileReference; lastKnownFileType = sourcecode.swift; path = MainViewController.swift; sourceTree = "<group>"; };
		AFD498C91C7BD47F0083B788 /* Base */ = {isa = PBXFileReference; lastKnownFileType = file.storyboard; name = Base; path = Base.lproj/Main.storyboard; sourceTree = "<group>"; };
		AFD498CB1C7BD47F0083B788 /* Assets.xcassets */ = {isa = PBXFileReference; lastKnownFileType = folder.assetcatalog; path = Assets.xcassets; sourceTree = "<group>"; };
		AFD498CE1C7BD47F0083B788 /* Base */ = {isa = PBXFileReference; lastKnownFileType = file.storyboard; name = Base; path = Base.lproj/LaunchScreen.storyboard; sourceTree = "<group>"; };
		AFD498D01C7BD47F0083B788 /* Info.plist */ = {isa = PBXFileReference; lastKnownFileType = text.plist.xml; path = Info.plist; sourceTree = "<group>"; };
		AFD498D61C7BD4930083B788 /* DataManager.swift */ = {isa = PBXFileReference; fileEncoding = 4; lastKnownFileType = sourcecode.swift; path = DataManager.swift; sourceTree = "<group>"; };
		AFD498DC1C7BD54A0083B788 /* ModelObjects.swift */ = {isa = PBXFileReference; fileEncoding = 4; lastKnownFileType = sourcecode.swift; name = ModelObjects.swift; path = ../ModelObjects.swift; sourceTree = "<group>"; };
/* End PBXFileReference section */

/* Begin PBXFrameworksBuildPhase section */
		AFD498BE1C7BD47F0083B788 /* Frameworks */ = {
			isa = PBXFrameworksBuildPhase;
			buildActionMask = 2147483647;
			files = (
			);
			runOnlyForDeploymentPostprocessing = 0;
		};
/* End PBXFrameworksBuildPhase section */

/* Begin PBXGroup section */
		AFABCE591C7E83D500B711F3 /* Main View Controller */ = {
			isa = PBXGroup;
			children = (
				AFD498C61C7BD47F0083B788 /* MainViewController.swift */,
				AFABCE5E1C7E8B8100B711F3 /* Collection View Reusable Views */,
			);
			name = "Main View Controller";
			sourceTree = "<group>";
		};
		AFABCE5E1C7E8B8100B711F3 /* Collection View Reusable Views */ = {
			isa = PBXGroup;
			children = (
				AFABCE5A1C7E888400B711F3 /* FoodCell.swift */,
				AFABCE5C1C7E8B7300B711F3 /* FoodHeader.swift */,
			);
			name = "Collection View Reusable Views";
			sourceTree = "<group>";
		};
		AFABCE611C7F465900B711F3 /* Snooth API */ = {
			isa = PBXGroup;
			children = (
				AFCFBE641C7CC388007D360C /* DataManager+WineList.swift */,
				AFCFBE611C7CBAD8007D360C /* DataManager+Recipes.swift */,
			);
			name = "Snooth API";
			sourceTree = "<group>";
		};
		AFABCE621C7F469500B711F3 /* Model Definitions */ = {
			isa = PBXGroup;
			children = (
				AFCFBEE61C7CF863007D360C /* SearchOptions.swift */,
				AFD498DC1C7BD54A0083B788 /* ModelObjects.swift */,
				AF7539FC1C7E75C10055D088 /* FoodDefinitions.swift */,
			);
			name = "Model Definitions";
			sourceTree = "<group>";
		};
		AFCFBE631C7CBAE6007D360C /* API DataManager */ = {
			isa = PBXGroup;
			children = (
				AFD498D61C7BD4930083B788 /* DataManager.swift */,
				AFCFBEEA1C7D2BD3007D360C /* DataManager+Session.swift */,
				AFABCE611C7F465900B711F3 /* Snooth API */,
				AFABCE621C7F469500B711F3 /* Model Definitions */,
			);
			name = "API DataManager";
			sourceTree = "<group>";
		};
		AFD498B81C7BD47F0083B788 = {
			isa = PBXGroup;
			children = (
				AFD498C31C7BD47F0083B788 /* WineFoodie */,
				AFD498C21C7BD47F0083B788 /* Products */,
			);
			sourceTree = "<group>";
		};
		AFD498C21C7BD47F0083B788 /* Products */ = {
			isa = PBXGroup;
			children = (
				AFD498C11C7BD47F0083B788 /* WineFoodie.app */,
			);
			name = Products;
			sourceTree = "<group>";
		};
		AFD498C31C7BD47F0083B788 /* WineFoodie */ = {
			isa = PBXGroup;
			children = (
				AFD498C41C7BD47F0083B788 /* AppDelegate.swift */,
				AFABCE591C7E83D500B711F3 /* Main View Controller */,
				AFCFBE631C7CBAE6007D360C /* API DataManager */,
				AFD498C81C7BD47F0083B788 /* Main.storyboard */,
				AFD498CB1C7BD47F0083B788 /* Assets.xcassets */,
				AFD498CD1C7BD47F0083B788 /* LaunchScreen.storyboard */,
				AFD498D01C7BD47F0083B788 /* Info.plist */,
			);
			path = WineFoodie;
			sourceTree = "<group>";
		};
/* End PBXGroup section */

/* Begin PBXNativeTarget section */
		AFD498C01C7BD47F0083B788 /* WineFoodie */ = {
			isa = PBXNativeTarget;
			buildConfigurationList = AFD498D31C7BD47F0083B788 /* Build configuration list for PBXNativeTarget "WineFoodie" */;
			buildPhases = (
				AFD498BD1C7BD47F0083B788 /* Sources */,
				AFD498BE1C7BD47F0083B788 /* Frameworks */,
				AFD498BF1C7BD47F0083B788 /* Resources */,
			);
			buildRules = (
			);
			dependencies = (
			);
			name = WineFoodie;
			productName = WineFoodie;
			productReference = AFD498C11C7BD47F0083B788 /* WineFoodie.app */;
			productType = "com.apple.product-type.application";
		};
/* End PBXNativeTarget section */

/* Begin PBXProject section */
		AFD498B91C7BD47F0083B788 /* Project object */ = {
			isa = PBXProject;
			attributes = {
				LastSwiftUpdateCheck = 0720;
				LastUpgradeCheck = 0720;
				ORGANIZATIONNAME = mcivilis;
				TargetAttributes = {
					AFD498C01C7BD47F0083B788 = {
						CreatedOnToolsVersion = 7.2.1;
					};
				};
			};
			buildConfigurationList = AFD498BC1C7BD47F0083B788 /* Build configuration list for PBXProject "WineFoodie" */;
			compatibilityVersion = "Xcode 3.2";
			developmentRegion = English;
			hasScannedForEncodings = 0;
			knownRegions = (
				en,
				Base,
			);
			mainGroup = AFD498B81C7BD47F0083B788;
			productRefGroup = AFD498C21C7BD47F0083B788 /* Products */;
			projectDirPath = "";
			projectRoot = "";
			targets = (
				AFD498C01C7BD47F0083B788 /* WineFoodie */,
			);
		};
/* End PBXProject section */

/* Begin PBXResourcesBuildPhase section */
		AFD498BF1C7BD47F0083B788 /* Resources */ = {
			isa = PBXResourcesBuildPhase;
			buildActionMask = 2147483647;
			files = (
				AFD498CF1C7BD47F0083B788 /* LaunchScreen.storyboard in Resources */,
				AFD498CC1C7BD47F0083B788 /* Assets.xcassets in Resources */,
				AFD498CA1C7BD47F0083B788 /* Main.storyboard in Resources */,
			);
			runOnlyForDeploymentPostprocessing = 0;
		};
/* End PBXResourcesBuildPhase section */

/* Begin PBXSourcesBuildPhase section */
		AFD498BD1C7BD47F0083B788 /* Sources */ = {
			isa = PBXSourcesBuildPhase;
			buildActionMask = 2147483647;
			files = (
				AFCFBE651C7CC388007D360C /* DataManager+WineList.swift in Sources */,
				AFABCE5D1C7E8B7300B711F3 /* FoodHeader.swift in Sources */,
				AFD498DD1C7BD54A0083B788 /* ModelObjects.swift in Sources */,
				AFD498C71C7BD47F0083B788 /* MainViewController.swift in Sources */,
				AF7539FD1C7E75C10055D088 /* FoodDefinitions.swift in Sources */,
				AFCFBE621C7CBAD8007D360C /* DataManager+Recipes.swift in Sources */,
				AFD498D71C7BD4930083B788 /* DataManager.swift in Sources */,
				AFCFBEE71C7CF863007D360C /* SearchOptions.swift in Sources */,
				AFABCE5B1C7E888400B711F3 /* FoodCell.swift in Sources */,
				AFD498C51C7BD47F0083B788 /* AppDelegate.swift in Sources */,
				AFCFBEEB1C7D2BD3007D360C /* DataManager+Session.swift in Sources */,
			);
			runOnlyForDeploymentPostprocessing = 0;
		};
/* End PBXSourcesBuildPhase section */

/* Begin PBXVariantGroup section */
		AFD498C81C7BD47F0083B788 /* Main.storyboard */ = {
			isa = PBXVariantGroup;
			children = (
				AFD498C91C7BD47F0083B788 /* Base */,
			);
			name = Main.storyboard;
			sourceTree = "<group>";
		};
		AFD498CD1C7BD47F0083B788 /* LaunchScreen.storyboard */ = {
			isa = PBXVariantGroup;
			children = (
				AFD498CE1C7BD47F0083B788 /* Base */,
			);
			name = LaunchScreen.storyboard;
			sourceTree = "<group>";
		};
/* End PBXVariantGroup section */

/* Begin XCBuildConfiguration section */
		AFD498D11C7BD47F0083B788 /* Debug */ = {
			isa = XCBuildConfiguration;
			buildSettings = {
				ALWAYS_SEARCH_USER_PATHS = NO;
				CLANG_CXX_LANGUAGE_STANDARD = "gnu++0x";
				CLANG_CXX_LIBRARY = "libc++";
				CLANG_ENABLE_MODULES = YES;
				CLANG_ENABLE_OBJC_ARC = YES;
				CLANG_WARN_BOOL_CONVERSION = YES;
				CLANG_WARN_CONSTANT_CONVERSION = YES;
				CLANG_WARN_DIRECT_OBJC_ISA_USAGE = YES_ERROR;
				CLANG_WARN_EMPTY_BODY = YES;
				CLANG_WARN_ENUM_CONVERSION = YES;
				CLANG_WARN_INT_CONVERSION = YES;
				CLANG_WARN_OBJC_ROOT_CLASS = YES_ERROR;
				CLANG_WARN_UNREACHABLE_CODE = YES;
				CLANG_WARN__DUPLICATE_METHOD_MATCH = YES;
				"CODE_SIGN_IDENTITY[sdk=iphoneos*]" = "iPhone Developer";
				COPY_PHASE_STRIP = NO;
				DEBUG_INFORMATION_FORMAT = dwarf;
				ENABLE_STRICT_OBJC_MSGSEND = YES;
				ENABLE_TESTABILITY = YES;
				GCC_C_LANGUAGE_STANDARD = gnu99;
				GCC_DYNAMIC_NO_PIC = NO;
				GCC_NO_COMMON_BLOCKS = YES;
				GCC_OPTIMIZATION_LEVEL = 0;
				GCC_PREPROCESSOR_DEFINITIONS = (
					"DEBUG=1",
					"$(inherited)",
				);
				GCC_WARN_64_TO_32_BIT_CONVERSION = YES;
				GCC_WARN_ABOUT_RETURN_TYPE = YES_ERROR;
				GCC_WARN_UNDECLARED_SELECTOR = YES;
				GCC_WARN_UNINITIALIZED_AUTOS = YES_AGGRESSIVE;
				GCC_WARN_UNUSED_FUNCTION = YES;
				GCC_WARN_UNUSED_VARIABLE = YES;
				IPHONEOS_DEPLOYMENT_TARGET = 9.2;
				MTL_ENABLE_DEBUG_INFO = YES;
				ONLY_ACTIVE_ARCH = YES;
				SDKROOT = iphoneos;
				SWIFT_OPTIMIZATION_LEVEL = "-Onone";
				TARGETED_DEVICE_FAMILY = "1,2";
			};
			name = Debug;
		};
		AFD498D21C7BD47F0083B788 /* Release */ = {
			isa = XCBuildConfiguration;
			buildSettings = {
				ALWAYS_SEARCH_USER_PATHS = NO;
				CLANG_CXX_LANGUAGE_STANDARD = "gnu++0x";
				CLANG_CXX_LIBRARY = "libc++";
				CLANG_ENABLE_MODULES = YES;
				CLANG_ENABLE_OBJC_ARC = YES;
				CLANG_WARN_BOOL_CONVERSION = YES;
				CLANG_WARN_CONSTANT_CONVERSION = YES;
				CLANG_WARN_DIRECT_OBJC_ISA_USAGE = YES_ERROR;
				CLANG_WARN_EMPTY_BODY = YES;
				CLANG_WARN_ENUM_CONVERSION = YES;
				CLANG_WARN_INT_CONVERSION = YES;
				CLANG_WARN_OBJC_ROOT_CLASS = YES_ERROR;
				CLANG_WARN_UNREACHABLE_CODE = YES;
				CLANG_WARN__DUPLICATE_METHOD_MATCH = YES;
				"CODE_SIGN_IDENTITY[sdk=iphoneos*]" = "iPhone Developer";
				COPY_PHASE_STRIP = NO;
				DEBUG_INFORMATION_FORMAT = "dwarf-with-dsym";
				ENABLE_NS_ASSERTIONS = NO;
				ENABLE_STRICT_OBJC_MSGSEND = YES;
				GCC_C_LANGUAGE_STANDARD = gnu99;
				GCC_NO_COMMON_BLOCKS = YES;
				GCC_WARN_64_TO_32_BIT_CONVERSION = YES;
				GCC_WARN_ABOUT_RETURN_TYPE = YES_ERROR;
				GCC_WARN_UNDECLARED_SELECTOR = YES;
				GCC_WARN_UNINITIALIZED_AUTOS = YES_AGGRESSIVE;
				GCC_WARN_UNUSED_FUNCTION = YES;
				GCC_WARN_UNUSED_VARIABLE = YES;
				IPHONEOS_DEPLOYMENT_TARGET = 9.2;
				MTL_ENABLE_DEBUG_INFO = NO;
				SDKROOT = iphoneos;
				TARGETED_DEVICE_FAMILY = "1,2";
				VALIDATE_PRODUCT = YES;
			};
			name = Release;
		};
		AFD498D41C7BD47F0083B788 /* Debug */ = {
			isa = XCBuildConfiguration;
			buildSettings = {
				ASSETCATALOG_COMPILER_APPICON_NAME = AppIcon;
				INFOPLIST_FILE = WineFoodie/Info.plist;
				LD_RUNPATH_SEARCH_PATHS = "$(inherited) @executable_path/Frameworks";
				PRODUCT_BUNDLE_IDENTIFIER = com.mcivilis.WineFoodie;
				PRODUCT_NAME = "$(TARGET_NAME)";
			};
			name = Debug;
		};
		AFD498D51C7BD47F0083B788 /* Release */ = {
			isa = XCBuildConfiguration;
			buildSettings = {
				ASSETCATALOG_COMPILER_APPICON_NAME = AppIcon;
				INFOPLIST_FILE = WineFoodie/Info.plist;
				LD_RUNPATH_SEARCH_PATHS = "$(inherited) @executable_path/Frameworks";
				PRODUCT_BUNDLE_IDENTIFIER = com.mcivilis.WineFoodie;
				PRODUCT_NAME = "$(TARGET_NAME)";
			};
			name = Release;
		};
/* End XCBuildConfiguration section */

/* Begin XCConfigurationList section */
		AFD498BC1C7BD47F0083B788 /* Build configuration list for PBXProject "WineFoodie" */ = {
			isa = XCConfigurationList;
			buildConfigurations = (
				AFD498D11C7BD47F0083B788 /* Debug */,
				AFD498D21C7BD47F0083B788 /* Release */,
			);
			defaultConfigurationIsVisible = 0;
			defaultConfigurationName = Release;
		};
		AFD498D31C7BD47F0083B788 /* Build configuration list for PBXNativeTarget "WineFoodie" */ = {
			isa = XCConfigurationList;
			buildConfigurations = (
				AFD498D41C7BD47F0083B788 /* Debug */,
				AFD498D51C7BD47F0083B788 /* Release */,
			);
			defaultConfigurationIsVisible = 0;
			defaultConfigurationName = Release;
		};
/* End XCConfigurationList section */
	};
	rootObject = AFD498B91C7BD47F0083B788 /* Project object */;
}
