// !$*UTF8*$!
{
	archiveVersion = 1;
	classes = {
	};
	objectVersion = 46;
	objects = {

/* Begin PBXBuildFile section */
		652D592175C1E6864B5710D1 /* Pods_WineFoodie.framework in Frameworks */ = {isa = PBXBuildFile; fileRef = 77ECAD50F92A12EC101705FD /* Pods_WineFoodie.framework */; };
		AF2E64221C83620F00079BA2 /* WinePairViewController+Setup.swift in Sources */ = {isa = PBXBuildFile; fileRef = AF2E64211C83620F00079BA2 /* WinePairViewController+Setup.swift */; };
		AF2E64281C83AD4E00079BA2 /* WineCell.swift in Sources */ = {isa = PBXBuildFile; fileRef = AF2E64271C83AD4E00079BA2 /* WineCell.swift */; };
		AF3C4AD71C7F92AE003A5F5F /* WinePairViewController.swift in Sources */ = {isa = PBXBuildFile; fileRef = AF3C4AD61C7F92AE003A5F5F /* WinePairViewController.swift */; };
		AF6C47781C8F151C0007C4DD /* WinePair.swift in Sources */ = {isa = PBXBuildFile; fileRef = AF6C47771C8F151C0007C4DD /* WinePair.swift */; };
		AF6C477E1C8F1DDE0007C4DD /* WinePairViewController+Helpers.swift in Sources */ = {isa = PBXBuildFile; fileRef = AF6C477D1C8F1DDE0007C4DD /* WinePairViewController+Helpers.swift */; };
		AF6C47801C8F1E5D0007C4DD /* WinePairViewController+Sort.swift in Sources */ = {isa = PBXBuildFile; fileRef = AF6C477F1C8F1E5D0007C4DD /* WinePairViewController+Sort.swift */; };
		AF6C47821C8F1FA10007C4DD /* WinePairViewController+LoadWines.swift in Sources */ = {isa = PBXBuildFile; fileRef = AF6C47811C8F1FA10007C4DD /* WinePairViewController+LoadWines.swift */; };
		AF6C47841C8F724D0007C4DD /* DataManager+Options.swift in Sources */ = {isa = PBXBuildFile; fileRef = AF6C47831C8F724D0007C4DD /* DataManager+Options.swift */; };
		AF729BC31C7F6C92003A1EE0 /* DataManager+LCBOWineList.swift in Sources */ = {isa = PBXBuildFile; fileRef = AF729BC21C7F6C92003A1EE0 /* DataManager+LCBOWineList.swift */; };
		AF7DDB9B1C89FE63003E6417 /* WinePairViewController+Gestures.swift in Sources */ = {isa = PBXBuildFile; fileRef = AF7DDB9A1C89FE63003E6417 /* WinePairViewController+Gestures.swift */; };
		AF805C951C91DFF5000BE11D /* mapIcon.png in Resources */ = {isa = PBXBuildFile; fileRef = AF805C941C91DFF5000BE11D /* mapIcon.png */; };
		AF805C971C91E00A000BE11D /* iconLCBO.png in Resources */ = {isa = PBXBuildFile; fileRef = AF805C961C91E00A000BE11D /* iconLCBO.png */; };
		AF805CA11C91E043000BE11D /* dessert.jpg in Resources */ = {isa = PBXBuildFile; fileRef = AF805C991C91E043000BE11D /* dessert.jpg */; };
		AF805CA21C91E043000BE11D /* red.png in Resources */ = {isa = PBXBuildFile; fileRef = AF805C9A1C91E043000BE11D /* red.png */; };
		AF805CA31C91E043000BE11D /* rose.jpg in Resources */ = {isa = PBXBuildFile; fileRef = AF805C9B1C91E043000BE11D /* rose.jpg */; };
		AF805CA61C91E043000BE11D /* white.png in Resources */ = {isa = PBXBuildFile; fileRef = AF805C9E1C91E043000BE11D /* white.png */; };
		AF9C07E21C84FBD600324FA5 /* WineDetailViewController.swift in Sources */ = {isa = PBXBuildFile; fileRef = AF9C07E11C84FBD600324FA5 /* WineDetailViewController.swift */; };
		AF9C07E41C8505B600324FA5 /* MapKit.framework in Frameworks */ = {isa = PBXBuildFile; fileRef = AF9C07E31C8505B600324FA5 /* MapKit.framework */; };
		AF9C07EA1C8613BA00324FA5 /* DataManager+StoreLocations.swift in Sources */ = {isa = PBXBuildFile; fileRef = AF9C07E91C8613BA00324FA5 /* DataManager+StoreLocations.swift */; };
		AF9C07ED1C863AE200324FA5 /* WineDetailViewController+Helpers.swift in Sources */ = {isa = PBXBuildFile; fileRef = AF9C07EC1C863AE200324FA5 /* WineDetailViewController+Helpers.swift */; };
		AF9C07F11C863B8300324FA5 /* WineDetailViewController+Setup.swift in Sources */ = {isa = PBXBuildFile; fileRef = AF9C07F01C863B8300324FA5 /* WineDetailViewController+Setup.swift */; };
		AF9C07F31C863D4A00324FA5 /* WineDetailViewController+Actions.swift in Sources */ = {isa = PBXBuildFile; fileRef = AF9C07F21C863D4A00324FA5 /* WineDetailViewController+Actions.swift */; };
		AFABCE5B1C7E888400B711F3 /* FoodCell.swift in Sources */ = {isa = PBXBuildFile; fileRef = AFABCE5A1C7E888400B711F3 /* FoodCell.swift */; };
		AFABCE5D1C7E8B7300B711F3 /* FoodHeader.swift in Sources */ = {isa = PBXBuildFile; fileRef = AFABCE5C1C7E8B7300B711F3 /* FoodHeader.swift */; };
		AFD498C51C7BD47F0083B788 /* AppDelegate.swift in Sources */ = {isa = PBXBuildFile; fileRef = AFD498C41C7BD47F0083B788 /* AppDelegate.swift */; };
		AFD498C71C7BD47F0083B788 /* MainViewController.swift in Sources */ = {isa = PBXBuildFile; fileRef = AFD498C61C7BD47F0083B788 /* MainViewController.swift */; };
		AFD498CA1C7BD47F0083B788 /* Main.storyboard in Resources */ = {isa = PBXBuildFile; fileRef = AFD498C81C7BD47F0083B788 /* Main.storyboard */; };
		AFD498CC1C7BD47F0083B788 /* Assets.xcassets in Resources */ = {isa = PBXBuildFile; fileRef = AFD498CB1C7BD47F0083B788 /* Assets.xcassets */; };
		AFD498CF1C7BD47F0083B788 /* LaunchScreen.storyboard in Resources */ = {isa = PBXBuildFile; fileRef = AFD498CD1C7BD47F0083B788 /* LaunchScreen.storyboard */; };
		AFD498D71C7BD4930083B788 /* DataManager.swift in Sources */ = {isa = PBXBuildFile; fileRef = AFD498D61C7BD4930083B788 /* DataManager.swift */; };
		C71730021DD776C1007CCB60 /* GoogleService-Info.plist in Resources */ = {isa = PBXBuildFile; fileRef = C71730011DD776C1007CCB60 /* GoogleService-Info.plist */; };
		C71730041DD78316007CCB60 /* Constants.swift in Sources */ = {isa = PBXBuildFile; fileRef = C71730031DD78316007CCB60 /* Constants.swift */; };
		C74218FA1DB5ABD4009277A8 /* wineglass_ornament.png in Resources */ = {isa = PBXBuildFile; fileRef = C74218F91DB5ABD4009277A8 /* wineglass_ornament.png */; };
		C74219041DB5AE91009277A8 /* bottle_ornament_left.png in Resources */ = {isa = PBXBuildFile; fileRef = C74219011DB5AE91009277A8 /* bottle_ornament_left.png */; };
		C74219051DB5AE91009277A8 /* bottle_ornament_mid.png in Resources */ = {isa = PBXBuildFile; fileRef = C74219021DB5AE91009277A8 /* bottle_ornament_mid.png */; };
		C74219061DB5AE91009277A8 /* bottle_ornament_right.png in Resources */ = {isa = PBXBuildFile; fileRef = C74219031DB5AE91009277A8 /* bottle_ornament_right.png */; };
		C79CC4E01D6550F900EFCBAC /* LCBOStore.swift in Sources */ = {isa = PBXBuildFile; fileRef = C79CC4DF1D6550F900EFCBAC /* LCBOStore.swift */; };
		C79CC4E41D65558C00EFCBAC /* WinePairLoader.swift in Sources */ = {isa = PBXBuildFile; fileRef = C79CC4E31D65558C00EFCBAC /* WinePairLoader.swift */; };
		C79CC4EA1D655B5200EFCBAC /* UIViewController+Alerts.swift in Sources */ = {isa = PBXBuildFile; fileRef = C79CC4E91D655B5200EFCBAC /* UIViewController+Alerts.swift */; };
		C7C9A6651E12F2B600B08081 /* dessert_bw.jpg in Resources */ = {isa = PBXBuildFile; fileRef = C7C9A6601E12F2B600B08081 /* dessert_bw.jpg */; };
		C7C9A6661E12F2B600B08081 /* red_bw.png in Resources */ = {isa = PBXBuildFile; fileRef = C7C9A6611E12F2B600B08081 /* red_bw.png */; };
		C7C9A6671E12F2B600B08081 /* rose_bw.jpg in Resources */ = {isa = PBXBuildFile; fileRef = C7C9A6621E12F2B600B08081 /* rose_bw.jpg */; };
		C7C9A6691E12F2B600B08081 /* white_bw.png in Resources */ = {isa = PBXBuildFile; fileRef = C7C9A6641E12F2B600B08081 /* white_bw.png */; };
		C7D8115E1D5678AA00564C72 /* JSONParsing.swift in Sources */ = {isa = PBXBuildFile; fileRef = C7D8115D1D5678AA00564C72 /* JSONParsing.swift */; };
		C7D811601D56793B00564C72 /* ModelObjects.swift in Sources */ = {isa = PBXBuildFile; fileRef = C7D8115F1D56793B00564C72 /* ModelObjects.swift */; };
		C7D811661D56894300564C72 /* Food.swift in Sources */ = {isa = PBXBuildFile; fileRef = C7D811651D56894300564C72 /* Food.swift */; };
		C7D811681D568D2800564C72 /* FoodCategory.swift in Sources */ = {isa = PBXBuildFile; fileRef = C7D811671D568D2800564C72 /* FoodCategory.swift */; };
/* End PBXBuildFile section */

/* Begin PBXFileReference section */
		7057F94977BA930433C45DF4 /* Pods-WineFoodie.debug.xcconfig */ = {isa = PBXFileReference; includeInIndex = 1; lastKnownFileType = text.xcconfig; name = "Pods-WineFoodie.debug.xcconfig"; path = "Pods/Target Support Files/Pods-WineFoodie/Pods-WineFoodie.debug.xcconfig"; sourceTree = "<group>"; };
		77ECAD50F92A12EC101705FD /* Pods_WineFoodie.framework */ = {isa = PBXFileReference; explicitFileType = wrapper.framework; includeInIndex = 0; path = Pods_WineFoodie.framework; sourceTree = BUILT_PRODUCTS_DIR; };
		AF2E64211C83620F00079BA2 /* WinePairViewController+Setup.swift */ = {isa = PBXFileReference; fileEncoding = 4; lastKnownFileType = sourcecode.swift; path = "WinePairViewController+Setup.swift"; sourceTree = "<group>"; };
		AF2E64271C83AD4E00079BA2 /* WineCell.swift */ = {isa = PBXFileReference; fileEncoding = 4; lastKnownFileType = sourcecode.swift; path = WineCell.swift; sourceTree = "<group>"; };
		AF3C4AD61C7F92AE003A5F5F /* WinePairViewController.swift */ = {isa = PBXFileReference; fileEncoding = 4; lastKnownFileType = sourcecode.swift; path = WinePairViewController.swift; sourceTree = "<group>"; };
		AF6C47771C8F151C0007C4DD /* WinePair.swift */ = {isa = PBXFileReference; fileEncoding = 4; lastKnownFileType = sourcecode.swift; path = WinePair.swift; sourceTree = "<group>"; };
		AF6C477D1C8F1DDE0007C4DD /* WinePairViewController+Helpers.swift */ = {isa = PBXFileReference; fileEncoding = 4; lastKnownFileType = sourcecode.swift; path = "WinePairViewController+Helpers.swift"; sourceTree = "<group>"; };
		AF6C477F1C8F1E5D0007C4DD /* WinePairViewController+Sort.swift */ = {isa = PBXFileReference; fileEncoding = 4; lastKnownFileType = sourcecode.swift; path = "WinePairViewController+Sort.swift"; sourceTree = "<group>"; };
		AF6C47811C8F1FA10007C4DD /* WinePairViewController+LoadWines.swift */ = {isa = PBXFileReference; fileEncoding = 4; lastKnownFileType = sourcecode.swift; path = "WinePairViewController+LoadWines.swift"; sourceTree = "<group>"; };
		AF6C47831C8F724D0007C4DD /* DataManager+Options.swift */ = {isa = PBXFileReference; fileEncoding = 4; lastKnownFileType = sourcecode.swift; path = "DataManager+Options.swift"; sourceTree = "<group>"; };
		AF729BC21C7F6C92003A1EE0 /* DataManager+LCBOWineList.swift */ = {isa = PBXFileReference; fileEncoding = 4; lastKnownFileType = sourcecode.swift; path = "DataManager+LCBOWineList.swift"; sourceTree = "<group>"; };
		AF7DDB9A1C89FE63003E6417 /* WinePairViewController+Gestures.swift */ = {isa = PBXFileReference; fileEncoding = 4; lastKnownFileType = sourcecode.swift; path = "WinePairViewController+Gestures.swift"; sourceTree = "<group>"; };
		AF805C941C91DFF5000BE11D /* mapIcon.png */ = {isa = PBXFileReference; lastKnownFileType = image.png; name = mapIcon.png; path = Images/mapIcon.png; sourceTree = "<group>"; };
		AF805C961C91E00A000BE11D /* iconLCBO.png */ = {isa = PBXFileReference; lastKnownFileType = image.png; name = iconLCBO.png; path = Images/iconLCBO.png; sourceTree = "<group>"; };
		AF805C991C91E043000BE11D /* dessert.jpg */ = {isa = PBXFileReference; lastKnownFileType = image.jpeg; name = dessert.jpg; path = Images/dessert.jpg; sourceTree = "<group>"; };
		AF805C9A1C91E043000BE11D /* red.png */ = {isa = PBXFileReference; lastKnownFileType = image.png; name = red.png; path = Images/red.png; sourceTree = "<group>"; };
		AF805C9B1C91E043000BE11D /* rose.jpg */ = {isa = PBXFileReference; lastKnownFileType = image.jpeg; name = rose.jpg; path = Images/rose.jpg; sourceTree = "<group>"; };
		AF805C9E1C91E043000BE11D /* white.png */ = {isa = PBXFileReference; lastKnownFileType = image.png; name = white.png; path = Images/white.png; sourceTree = "<group>"; };
		AF9C07E11C84FBD600324FA5 /* WineDetailViewController.swift */ = {isa = PBXFileReference; fileEncoding = 4; lastKnownFileType = sourcecode.swift; path = WineDetailViewController.swift; sourceTree = "<group>"; };
		AF9C07E31C8505B600324FA5 /* MapKit.framework */ = {isa = PBXFileReference; lastKnownFileType = wrapper.framework; name = MapKit.framework; path = System/Library/Frameworks/MapKit.framework; sourceTree = SDKROOT; };
		AF9C07E91C8613BA00324FA5 /* DataManager+StoreLocations.swift */ = {isa = PBXFileReference; fileEncoding = 4; lastKnownFileType = sourcecode.swift; path = "DataManager+StoreLocations.swift"; sourceTree = "<group>"; };
		AF9C07EC1C863AE200324FA5 /* WineDetailViewController+Helpers.swift */ = {isa = PBXFileReference; fileEncoding = 4; lastKnownFileType = sourcecode.swift; path = "WineDetailViewController+Helpers.swift"; sourceTree = "<group>"; };
		AF9C07F01C863B8300324FA5 /* WineDetailViewController+Setup.swift */ = {isa = PBXFileReference; fileEncoding = 4; lastKnownFileType = sourcecode.swift; path = "WineDetailViewController+Setup.swift"; sourceTree = "<group>"; };
		AF9C07F21C863D4A00324FA5 /* WineDetailViewController+Actions.swift */ = {isa = PBXFileReference; fileEncoding = 4; lastKnownFileType = sourcecode.swift; path = "WineDetailViewController+Actions.swift"; sourceTree = "<group>"; };
		AFABCE5A1C7E888400B711F3 /* FoodCell.swift */ = {isa = PBXFileReference; fileEncoding = 4; lastKnownFileType = sourcecode.swift; path = FoodCell.swift; sourceTree = "<group>"; };
		AFABCE5C1C7E8B7300B711F3 /* FoodHeader.swift */ = {isa = PBXFileReference; fileEncoding = 4; lastKnownFileType = sourcecode.swift; path = FoodHeader.swift; sourceTree = "<group>"; };
		AFD498C11C7BD47F0083B788 /* WineFoodie.app */ = {isa = PBXFileReference; explicitFileType = wrapper.application; includeInIndex = 0; path = WineFoodie.app; sourceTree = BUILT_PRODUCTS_DIR; };
		AFD498C41C7BD47F0083B788 /* AppDelegate.swift */ = {isa = PBXFileReference; lastKnownFileType = sourcecode.swift; path = AppDelegate.swift; sourceTree = "<group>"; };
		AFD498C61C7BD47F0083B788 /* MainViewController.swift */ = {isa = PBXFileReference; lastKnownFileType = sourcecode.swift; path = MainViewController.swift; sourceTree = "<group>"; };
		AFD498C91C7BD47F0083B788 /* Base */ = {isa = PBXFileReference; lastKnownFileType = file.storyboard; name = Base; path = Base.lproj/Main.storyboard; sourceTree = "<group>"; };
		AFD498CB1C7BD47F0083B788 /* Assets.xcassets */ = {isa = PBXFileReference; lastKnownFileType = folder.assetcatalog; path = Assets.xcassets; sourceTree = "<group>"; };
		AFD498CE1C7BD47F0083B788 /* Base */ = {isa = PBXFileReference; lastKnownFileType = file.storyboard; name = Base; path = Base.lproj/LaunchScreen.storyboard; sourceTree = "<group>"; };
		AFD498D01C7BD47F0083B788 /* Info.plist */ = {isa = PBXFileReference; lastKnownFileType = text.plist.xml; path = Info.plist; sourceTree = "<group>"; };
		AFD498D61C7BD4930083B788 /* DataManager.swift */ = {isa = PBXFileReference; fileEncoding = 4; lastKnownFileType = sourcecode.swift; path = DataManager.swift; sourceTree = "<group>"; };
		C71730011DD776C1007CCB60 /* GoogleService-Info.plist */ = {isa = PBXFileReference; fileEncoding = 4; lastKnownFileType = text.plist.xml; path = "GoogleService-Info.plist"; sourceTree = "<group>"; };
		C71730031DD78316007CCB60 /* Constants.swift */ = {isa = PBXFileReference; fileEncoding = 4; lastKnownFileType = sourcecode.swift; path = Constants.swift; sourceTree = "<group>"; };
		C71E46431E4BCDE800CBF23A /* Toronto.gpx */ = {isa = PBXFileReference; lastKnownFileType = text.xml; path = Toronto.gpx; sourceTree = "<group>"; };
		C74218F91DB5ABD4009277A8 /* wineglass_ornament.png */ = {isa = PBXFileReference; lastKnownFileType = image.png; name = wineglass_ornament.png; path = Images/wineglass_ornament.png; sourceTree = "<group>"; };
		C74219011DB5AE91009277A8 /* bottle_ornament_left.png */ = {isa = PBXFileReference; lastKnownFileType = image.png; name = bottle_ornament_left.png; path = Images/bottle_ornament_left.png; sourceTree = "<group>"; };
		C74219021DB5AE91009277A8 /* bottle_ornament_mid.png */ = {isa = PBXFileReference; lastKnownFileType = image.png; name = bottle_ornament_mid.png; path = Images/bottle_ornament_mid.png; sourceTree = "<group>"; };
		C74219031DB5AE91009277A8 /* bottle_ornament_right.png */ = {isa = PBXFileReference; lastKnownFileType = image.png; name = bottle_ornament_right.png; path = Images/bottle_ornament_right.png; sourceTree = "<group>"; };
		C79CC4DF1D6550F900EFCBAC /* LCBOStore.swift */ = {isa = PBXFileReference; fileEncoding = 4; lastKnownFileType = sourcecode.swift; path = LCBOStore.swift; sourceTree = "<group>"; };
		C79CC4E31D65558C00EFCBAC /* WinePairLoader.swift */ = {isa = PBXFileReference; fileEncoding = 4; lastKnownFileType = sourcecode.swift; path = WinePairLoader.swift; sourceTree = "<group>"; };
		C79CC4E91D655B5200EFCBAC /* UIViewController+Alerts.swift */ = {isa = PBXFileReference; fileEncoding = 4; lastKnownFileType = sourcecode.swift; path = "UIViewController+Alerts.swift"; sourceTree = "<group>"; };
		C7C9A6601E12F2B600B08081 /* dessert_bw.jpg */ = {isa = PBXFileReference; lastKnownFileType = image.jpeg; name = dessert_bw.jpg; path = Images/dessert_bw.jpg; sourceTree = "<group>"; };
		C7C9A6611E12F2B600B08081 /* red_bw.png */ = {isa = PBXFileReference; lastKnownFileType = image.png; name = red_bw.png; path = Images/red_bw.png; sourceTree = "<group>"; };
		C7C9A6621E12F2B600B08081 /* rose_bw.jpg */ = {isa = PBXFileReference; lastKnownFileType = image.jpeg; name = rose_bw.jpg; path = Images/rose_bw.jpg; sourceTree = "<group>"; };
		C7C9A6641E12F2B600B08081 /* white_bw.png */ = {isa = PBXFileReference; lastKnownFileType = image.png; name = white_bw.png; path = Images/white_bw.png; sourceTree = "<group>"; };
		C7D8115D1D5678AA00564C72 /* JSONParsing.swift */ = {isa = PBXFileReference; fileEncoding = 4; lastKnownFileType = sourcecode.swift; name = JSONParsing.swift; path = ../../JSONToObject/JSONToObject/JSONParsing.swift; sourceTree = "<group>"; };
		C7D8115F1D56793B00564C72 /* ModelObjects.swift */ = {isa = PBXFileReference; fileEncoding = 4; lastKnownFileType = sourcecode.swift; path = ModelObjects.swift; sourceTree = "<group>"; };
		C7D811651D56894300564C72 /* Food.swift */ = {isa = PBXFileReference; fileEncoding = 4; lastKnownFileType = sourcecode.swift; path = Food.swift; sourceTree = "<group>"; };
		C7D811671D568D2800564C72 /* FoodCategory.swift */ = {isa = PBXFileReference; fileEncoding = 4; lastKnownFileType = sourcecode.swift; path = FoodCategory.swift; sourceTree = "<group>"; };
		FD2293189D45697B74EDF94C /* Pods-WineFoodie.release.xcconfig */ = {isa = PBXFileReference; includeInIndex = 1; lastKnownFileType = text.xcconfig; name = "Pods-WineFoodie.release.xcconfig"; path = "Pods/Target Support Files/Pods-WineFoodie/Pods-WineFoodie.release.xcconfig"; sourceTree = "<group>"; };
/* End PBXFileReference section */

/* Begin PBXFrameworksBuildPhase section */
		AFD498BE1C7BD47F0083B788 /* Frameworks */ = {
			isa = PBXFrameworksBuildPhase;
			buildActionMask = 2147483647;
			files = (
				AF9C07E41C8505B600324FA5 /* MapKit.framework in Frameworks */,
				652D592175C1E6864B5710D1 /* Pods_WineFoodie.framework in Frameworks */,
			);
			runOnlyForDeploymentPostprocessing = 0;
		};
/* End PBXFrameworksBuildPhase section */

/* Begin PBXGroup section */
		AF3C4AD51C7F9266003A5F5F /* WinePairViewController */ = {
			isa = PBXGroup;
			children = (
				AF3C4AD61C7F92AE003A5F5F /* WinePairViewController.swift */,
				AF2E64211C83620F00079BA2 /* WinePairViewController+Setup.swift */,
				AF6C47811C8F1FA10007C4DD /* WinePairViewController+LoadWines.swift */,
				AF6C477F1C8F1E5D0007C4DD /* WinePairViewController+Sort.swift */,
				AF7DDB9A1C89FE63003E6417 /* WinePairViewController+Gestures.swift */,
				AF6C477D1C8F1DDE0007C4DD /* WinePairViewController+Helpers.swift */,
				AF2E64271C83AD4E00079BA2 /* WineCell.swift */,
			);
			name = WinePairViewController;
			sourceTree = "<group>";
		};
		AF3C4AE41C7F98A4003A5F5F /* images */ = {
			isa = PBXGroup;
			children = (
				AF805C9E1C91E043000BE11D /* white.png */,
				C7C9A6601E12F2B600B08081 /* dessert_bw.jpg */,
				C7C9A6611E12F2B600B08081 /* red_bw.png */,
				C7C9A6621E12F2B600B08081 /* rose_bw.jpg */,
				C7C9A6641E12F2B600B08081 /* white_bw.png */,
				AF805C9A1C91E043000BE11D /* red.png */,
				AF805C991C91E043000BE11D /* dessert.jpg */,
				AF805C9B1C91E043000BE11D /* rose.jpg */,
				C74218F91DB5ABD4009277A8 /* wineglass_ornament.png */,
				C74219011DB5AE91009277A8 /* bottle_ornament_left.png */,
				C74219021DB5AE91009277A8 /* bottle_ornament_mid.png */,
				C74219031DB5AE91009277A8 /* bottle_ornament_right.png */,
				AF805C941C91DFF5000BE11D /* mapIcon.png */,
				AF805C961C91E00A000BE11D /* iconLCBO.png */,
			);
			name = images;
			sourceTree = "<group>";
		};
		AF9C07E01C84FBAF00324FA5 /* WineDetailViewController */ = {
			isa = PBXGroup;
			children = (
				AF9C07E11C84FBD600324FA5 /* WineDetailViewController.swift */,
				AF9C07F01C863B8300324FA5 /* WineDetailViewController+Setup.swift */,
				AF9C07EC1C863AE200324FA5 /* WineDetailViewController+Helpers.swift */,
				AF9C07F21C863D4A00324FA5 /* WineDetailViewController+Actions.swift */,
			);
			name = WineDetailViewController;
			sourceTree = "<group>";
		};
		AFABCE591C7E83D500B711F3 /* View Controllers */ = {
			isa = PBXGroup;
			children = (
				AF9C07E01C84FBAF00324FA5 /* WineDetailViewController */,
				AF3C4AD51C7F9266003A5F5F /* WinePairViewController */,
				AFABCE5E1C7E8B8100B711F3 /* MainViewContorller */,
			);
			name = "View Controllers";
			sourceTree = "<group>";
		};
		AFABCE5E1C7E8B8100B711F3 /* MainViewContorller */ = {
			isa = PBXGroup;
			children = (
				AFD498C61C7BD47F0083B788 /* MainViewController.swift */,
				AFABCE5A1C7E888400B711F3 /* FoodCell.swift */,
				AFABCE5C1C7E8B7300B711F3 /* FoodHeader.swift */,
			);
			name = MainViewContorller;
			sourceTree = "<group>";
		};
		AFABCE621C7F469500B711F3 /* Model */ = {
			isa = PBXGroup;
			children = (
				C7D8115D1D5678AA00564C72 /* JSONParsing.swift */,
				C7D8115F1D56793B00564C72 /* ModelObjects.swift */,
				AF6C47771C8F151C0007C4DD /* WinePair.swift */,
				C7D811651D56894300564C72 /* Food.swift */,
				C7D811671D568D2800564C72 /* FoodCategory.swift */,
				C79CC4DF1D6550F900EFCBAC /* LCBOStore.swift */,
			);
			name = Model;
			sourceTree = "<group>";
		};
		AFCFBE631C7CBAE6007D360C /* DataManager */ = {
			isa = PBXGroup;
			children = (
				AF9C07E91C8613BA00324FA5 /* DataManager+StoreLocations.swift */,
				AF729BC21C7F6C92003A1EE0 /* DataManager+LCBOWineList.swift */,
				AF6C47831C8F724D0007C4DD /* DataManager+Options.swift */,
				AFD498D61C7BD4930083B788 /* DataManager.swift */,
			);
			name = DataManager;
			sourceTree = "<group>";
		};
		AFD498B81C7BD47F0083B788 = {
			isa = PBXGroup;
			children = (
				AF9C07E31C8505B600324FA5 /* MapKit.framework */,
				AFD498C31C7BD47F0083B788 /* WineFoodie */,
				AFD498C21C7BD47F0083B788 /* Products */,
				E65991A9AF9643D999B4D884 /* Pods */,
				E0A9D317B16052FAFE28CEC4 /* Frameworks */,
			);
			sourceTree = "<group>";
		};
		AFD498C21C7BD47F0083B788 /* Products */ = {
			isa = PBXGroup;
			children = (
				AFD498C11C7BD47F0083B788 /* WineFoodie.app */,
			);
			name = Products;
			sourceTree = "<group>";
		};
		AFD498C31C7BD47F0083B788 /* WineFoodie */ = {
			isa = PBXGroup;
			children = (
				AFD498C41C7BD47F0083B788 /* AppDelegate.swift */,
				C71730031DD78316007CCB60 /* Constants.swift */,
				AFABCE591C7E83D500B711F3 /* View Controllers */,
				AFABCE621C7F469500B711F3 /* Model */,
				C79CC4E21D65556F00EFCBAC /* WinePairingModel */,
				AFCFBE631C7CBAE6007D360C /* DataManager */,
				C79CC4E81D655B2D00EFCBAC /* Extentions */,
				AFD498C81C7BD47F0083B788 /* Main.storyboard */,
				AFD498CB1C7BD47F0083B788 /* Assets.xcassets */,
				AF3C4AE41C7F98A4003A5F5F /* images */,
				AFD498CD1C7BD47F0083B788 /* LaunchScreen.storyboard */,
				AFD498D01C7BD47F0083B788 /* Info.plist */,
				C71730011DD776C1007CCB60 /* GoogleService-Info.plist */,
				C71E46431E4BCDE800CBF23A /* Toronto.gpx */,
			);
			path = WineFoodie;
			sourceTree = "<group>";
		};
		C79CC4E21D65556F00EFCBAC /* WinePairingModel */ = {
			isa = PBXGroup;
			children = (
				C79CC4E31D65558C00EFCBAC /* WinePairLoader.swift */,
			);
			name = WinePairingModel;
			sourceTree = "<group>";
		};
		C79CC4E81D655B2D00EFCBAC /* Extentions */ = {
			isa = PBXGroup;
			children = (
				C79CC4E91D655B5200EFCBAC /* UIViewController+Alerts.swift */,
			);
			name = Extentions;
			sourceTree = "<group>";
		};
		E0A9D317B16052FAFE28CEC4 /* Frameworks */ = {
			isa = PBXGroup;
			children = (
				77ECAD50F92A12EC101705FD /* Pods_WineFoodie.framework */,
			);
			name = Frameworks;
			sourceTree = "<group>";
		};
		E65991A9AF9643D999B4D884 /* Pods */ = {
			isa = PBXGroup;
			children = (
				7057F94977BA930433C45DF4 /* Pods-WineFoodie.debug.xcconfig */,
				FD2293189D45697B74EDF94C /* Pods-WineFoodie.release.xcconfig */,
			);
			name = Pods;
			sourceTree = "<group>";
		};
/* End PBXGroup section */

/* Begin PBXNativeTarget section */
		AFD498C01C7BD47F0083B788 /* WineFoodie */ = {
			isa = PBXNativeTarget;
			buildConfigurationList = AFD498D31C7BD47F0083B788 /* Build configuration list for PBXNativeTarget "WineFoodie" */;
			buildPhases = (
				1E46D5314F5393F2F45C000A /* [CP] Check Pods Manifest.lock */,
				AFD498BD1C7BD47F0083B788 /* Sources */,
				AFD498BE1C7BD47F0083B788 /* Frameworks */,
				AFD498BF1C7BD47F0083B788 /* Resources */,
				A133FCD9C3241666D2300C1D /* [CP] Embed Pods Frameworks */,
				133D4B059C5078C6F1AECE94 /* [CP] Copy Pods Resources */,
			);
			buildRules = (
			);
			dependencies = (
			);
			name = WineFoodie;
			productName = WineFoodie;
			productReference = AFD498C11C7BD47F0083B788 /* WineFoodie.app */;
			productType = "com.apple.product-type.application";
		};
/* End PBXNativeTarget section */

/* Begin PBXProject section */
		AFD498B91C7BD47F0083B788 /* Project object */ = {
			isa = PBXProject;
			attributes = {
				KnownAssetTags = (
					0,
					1,
				);
				LastSwiftUpdateCheck = 0720;
				LastUpgradeCheck = 0810;
				ORGANIZATIONNAME = mcivilis;
				TargetAttributes = {
					AFD498C01C7BD47F0083B788 = {
						CreatedOnToolsVersion = 7.2.1;
						DevelopmentTeam = 9HM5LLY46P;
						LastSwiftMigration = 0800;
						ProvisioningStyle = Manual;
					};
				};
			};
			buildConfigurationList = AFD498BC1C7BD47F0083B788 /* Build configuration list for PBXProject "WineFoodie" */;
			compatibilityVersion = "Xcode 3.2";
			developmentRegion = English;
			hasScannedForEncodings = 0;
			knownRegions = (
				en,
				Base,
			);
			mainGroup = AFD498B81C7BD47F0083B788;
			productRefGroup = AFD498C21C7BD47F0083B788 /* Products */;
			projectDirPath = "";
			projectRoot = "";
			targets = (
				AFD498C01C7BD47F0083B788 /* WineFoodie */,
			);
		};
/* End PBXProject section */

/* Begin PBXResourcesBuildPhase section */
		AFD498BF1C7BD47F0083B788 /* Resources */ = {
			isa = PBXResourcesBuildPhase;
			buildActionMask = 2147483647;
			files = (
				C74219051DB5AE91009277A8 /* bottle_ornament_mid.png in Resources */,
				C74219061DB5AE91009277A8 /* bottle_ornament_right.png in Resources */,
				C7C9A6661E12F2B600B08081 /* red_bw.png in Resources */,
				C71730021DD776C1007CCB60 /* GoogleService-Info.plist in Resources */,
				AF805C971C91E00A000BE11D /* iconLCBO.png in Resources */,
				AFD498CF1C7BD47F0083B788 /* LaunchScreen.storyboard in Resources */,
				AF805CA11C91E043000BE11D /* dessert.jpg in Resources */,
				C74218FA1DB5ABD4009277A8 /* wineglass_ornament.png in Resources */,
				AF805C951C91DFF5000BE11D /* mapIcon.png in Resources */,
				AF805CA61C91E043000BE11D /* white.png in Resources */,
				C7C9A6691E12F2B600B08081 /* white_bw.png in Resources */,
				AF805CA31C91E043000BE11D /* rose.jpg in Resources */,
				AFD498CC1C7BD47F0083B788 /* Assets.xcassets in Resources */,
				AF805CA21C91E043000BE11D /* red.png in Resources */,
				C74219041DB5AE91009277A8 /* bottle_ornament_left.png in Resources */,
				AFD498CA1C7BD47F0083B788 /* Main.storyboard in Resources */,
				C7C9A6651E12F2B600B08081 /* dessert_bw.jpg in Resources */,
				C7C9A6671E12F2B600B08081 /* rose_bw.jpg in Resources */,
			);
			runOnlyForDeploymentPostprocessing = 0;
		};
/* End PBXResourcesBuildPhase section */

/* Begin PBXShellScriptBuildPhase section */
		133D4B059C5078C6F1AECE94 /* [CP] Copy Pods Resources */ = {
			isa = PBXShellScriptBuildPhase;
			buildActionMask = 2147483647;
			files = (
			);
			inputPaths = (
			);
			name = "[CP] Copy Pods Resources";
			outputPaths = (
			);
			runOnlyForDeploymentPostprocessing = 0;
			shellPath = /bin/sh;
			shellScript = "\"${SRCROOT}/Pods/Target Support Files/Pods-WineFoodie/Pods-WineFoodie-resources.sh\"\n";
			showEnvVarsInLog = 0;
		};
		1E46D5314F5393F2F45C000A /* [CP] Check Pods Manifest.lock */ = {
			isa = PBXShellScriptBuildPhase;
			buildActionMask = 2147483647;
			files = (
			);
			inputPaths = (
			);
			name = "[CP] Check Pods Manifest.lock";
			outputPaths = (
			);
			runOnlyForDeploymentPostprocessing = 0;
			shellPath = /bin/sh;
			shellScript = "diff \"${PODS_ROOT}/../Podfile.lock\" \"${PODS_ROOT}/Manifest.lock\" > /dev/null\nif [ $? != 0 ] ; then\n    # print error to STDERR\n    echo \"error: The sandbox is not in sync with the Podfile.lock. Run 'pod install' or update your CocoaPods installation.\" >&2\n    exit 1\nfi\n";
			showEnvVarsInLog = 0;
		};
		A133FCD9C3241666D2300C1D /* [CP] Embed Pods Frameworks */ = {
			isa = PBXShellScriptBuildPhase;
			buildActionMask = 2147483647;
			files = (
			);
			inputPaths = (
			);
			name = "[CP] Embed Pods Frameworks";
			outputPaths = (
			);
			runOnlyForDeploymentPostprocessing = 0;
			shellPath = /bin/sh;
			shellScript = "\"${SRCROOT}/Pods/Target Support Files/Pods-WineFoodie/Pods-WineFoodie-frameworks.sh\"\n";
			showEnvVarsInLog = 0;
		};
/* End PBXShellScriptBuildPhase section */

/* Begin PBXSourcesBuildPhase section */
		AFD498BD1C7BD47F0083B788 /* Sources */ = {
			isa = PBXSourcesBuildPhase;
			buildActionMask = 2147483647;
			files = (
				AF9C07E21C84FBD600324FA5 /* WineDetailViewController.swift in Sources */,
				C79CC4E41D65558C00EFCBAC /* WinePairLoader.swift in Sources */,
				C7D8115E1D5678AA00564C72 /* JSONParsing.swift in Sources */,
				AF6C47801C8F1E5D0007C4DD /* WinePairViewController+Sort.swift in Sources */,
				C7D811681D568D2800564C72 /* FoodCategory.swift in Sources */,
				AF6C47841C8F724D0007C4DD /* DataManager+Options.swift in Sources */,
				AF9C07F31C863D4A00324FA5 /* WineDetailViewController+Actions.swift in Sources */,
				C7D811661D56894300564C72 /* Food.swift in Sources */,
				AFABCE5D1C7E8B7300B711F3 /* FoodHeader.swift in Sources */,
				AF6C477E1C8F1DDE0007C4DD /* WinePairViewController+Helpers.swift in Sources */,
				AF2E64221C83620F00079BA2 /* WinePairViewController+Setup.swift in Sources */,
				C71730041DD78316007CCB60 /* Constants.swift in Sources */,
				AF6C47781C8F151C0007C4DD /* WinePair.swift in Sources */,
				C79CC4E01D6550F900EFCBAC /* LCBOStore.swift in Sources */,
				AF9C07ED1C863AE200324FA5 /* WineDetailViewController+Helpers.swift in Sources */,
				AFD498C71C7BD47F0083B788 /* MainViewController.swift in Sources */,
				AF729BC31C7F6C92003A1EE0 /* DataManager+LCBOWineList.swift in Sources */,
				AF3C4AD71C7F92AE003A5F5F /* WinePairViewController.swift in Sources */,
				C7D811601D56793B00564C72 /* ModelObjects.swift in Sources */,
				AF9C07F11C863B8300324FA5 /* WineDetailViewController+Setup.swift in Sources */,
				AFD498D71C7BD4930083B788 /* DataManager.swift in Sources */,
				AF7DDB9B1C89FE63003E6417 /* WinePairViewController+Gestures.swift in Sources */,
				AFABCE5B1C7E888400B711F3 /* FoodCell.swift in Sources */,
				AF9C07EA1C8613BA00324FA5 /* DataManager+StoreLocations.swift in Sources */,
				AF2E64281C83AD4E00079BA2 /* WineCell.swift in Sources */,
				AFD498C51C7BD47F0083B788 /* AppDelegate.swift in Sources */,
				C79CC4EA1D655B5200EFCBAC /* UIViewController+Alerts.swift in Sources */,
				AF6C47821C8F1FA10007C4DD /* WinePairViewController+LoadWines.swift in Sources */,
			);
			runOnlyForDeploymentPostprocessing = 0;
		};
/* End PBXSourcesBuildPhase section */

/* Begin PBXVariantGroup section */
		AFD498C81C7BD47F0083B788 /* Main.storyboard */ = {
			isa = PBXVariantGroup;
			children = (
				AFD498C91C7BD47F0083B788 /* Base */,
			);
			name = Main.storyboard;
			sourceTree = "<group>";
		};
		AFD498CD1C7BD47F0083B788 /* LaunchScreen.storyboard */ = {
			isa = PBXVariantGroup;
			children = (
				AFD498CE1C7BD47F0083B788 /* Base */,
			);
			name = LaunchScreen.storyboard;
			sourceTree = "<group>";
		};
/* End PBXVariantGroup section */

/* Begin XCBuildConfiguration section */
		AFD498D11C7BD47F0083B788 /* Debug */ = {
			isa = XCBuildConfiguration;
			buildSettings = {
				ALWAYS_SEARCH_USER_PATHS = NO;
				CLANG_CXX_LANGUAGE_STANDARD = "gnu++0x";
				CLANG_CXX_LIBRARY = "libc++";
				CLANG_ENABLE_MODULES = YES;
				CLANG_ENABLE_OBJC_ARC = YES;
				CLANG_WARN_BOOL_CONVERSION = YES;
				CLANG_WARN_CONSTANT_CONVERSION = YES;
				CLANG_WARN_DIRECT_OBJC_ISA_USAGE = YES_ERROR;
				CLANG_WARN_EMPTY_BODY = YES;
				CLANG_WARN_ENUM_CONVERSION = YES;
				CLANG_WARN_INFINITE_RECURSION = YES;
				CLANG_WARN_INT_CONVERSION = YES;
				CLANG_WARN_OBJC_ROOT_CLASS = YES_ERROR;
				CLANG_WARN_SUSPICIOUS_MOVE = YES;
				CLANG_WARN_UNREACHABLE_CODE = YES;
				CLANG_WARN__DUPLICATE_METHOD_MATCH = YES;
				"CODE_SIGN_IDENTITY[sdk=iphoneos*]" = "iPhone Developer";
				COPY_PHASE_STRIP = NO;
				DEBUG_INFORMATION_FORMAT = dwarf;
				ENABLE_STRICT_OBJC_MSGSEND = YES;
				ENABLE_TESTABILITY = YES;
				GCC_C_LANGUAGE_STANDARD = gnu99;
				GCC_DYNAMIC_NO_PIC = NO;
				GCC_NO_COMMON_BLOCKS = YES;
				GCC_OPTIMIZATION_LEVEL = 0;
				GCC_PREPROCESSOR_DEFINITIONS = (
					"DEBUG=1",
					"$(inherited)",
				);
				GCC_WARN_64_TO_32_BIT_CONVERSION = YES;
				GCC_WARN_ABOUT_RETURN_TYPE = YES_ERROR;
				GCC_WARN_UNDECLARED_SELECTOR = YES;
				GCC_WARN_UNINITIALIZED_AUTOS = YES_AGGRESSIVE;
				GCC_WARN_UNUSED_FUNCTION = YES;
				GCC_WARN_UNUSED_VARIABLE = YES;
				IPHONEOS_DEPLOYMENT_TARGET = 9.2;
				MTL_ENABLE_DEBUG_INFO = YES;
				ONLY_ACTIVE_ARCH = YES;
				SDKROOT = iphoneos;
				SWIFT_OPTIMIZATION_LEVEL = "-Onone";
				TARGETED_DEVICE_FAMILY = 1;
			};
			name = Debug;
		};
		AFD498D21C7BD47F0083B788 /* Release */ = {
			isa = XCBuildConfiguration;
			buildSettings = {
				ALWAYS_SEARCH_USER_PATHS = NO;
				CLANG_CXX_LANGUAGE_STANDARD = "gnu++0x";
				CLANG_CXX_LIBRARY = "libc++";
				CLANG_ENABLE_MODULES = YES;
				CLANG_ENABLE_OBJC_ARC = YES;
				CLANG_WARN_BOOL_CONVERSION = YES;
				CLANG_WARN_CONSTANT_CONVERSION = YES;
				CLANG_WARN_DIRECT_OBJC_ISA_USAGE = YES_ERROR;
				CLANG_WARN_EMPTY_BODY = YES;
				CLANG_WARN_ENUM_CONVERSION = YES;
				CLANG_WARN_INFINITE_RECURSION = YES;
				CLANG_WARN_INT_CONVERSION = YES;
				CLANG_WARN_OBJC_ROOT_CLASS = YES_ERROR;
				CLANG_WARN_SUSPICIOUS_MOVE = YES;
				CLANG_WARN_UNREACHABLE_CODE = YES;
				CLANG_WARN__DUPLICATE_METHOD_MATCH = YES;
				"CODE_SIGN_IDENTITY[sdk=iphoneos*]" = "iPhone Developer";
				COPY_PHASE_STRIP = NO;
				DEBUG_INFORMATION_FORMAT = "dwarf-with-dsym";
				ENABLE_NS_ASSERTIONS = NO;
				ENABLE_STRICT_OBJC_MSGSEND = YES;
				GCC_C_LANGUAGE_STANDARD = gnu99;
				GCC_NO_COMMON_BLOCKS = YES;
				GCC_WARN_64_TO_32_BIT_CONVERSION = YES;
				GCC_WARN_ABOUT_RETURN_TYPE = YES_ERROR;
				GCC_WARN_UNDECLARED_SELECTOR = YES;
				GCC_WARN_UNINITIALIZED_AUTOS = YES_AGGRESSIVE;
				GCC_WARN_UNUSED_FUNCTION = YES;
				GCC_WARN_UNUSED_VARIABLE = YES;
				IPHONEOS_DEPLOYMENT_TARGET = 9.2;
				MTL_ENABLE_DEBUG_INFO = NO;
				SDKROOT = iphoneos;
				SWIFT_OPTIMIZATION_LEVEL = "-Owholemodule";
				TARGETED_DEVICE_FAMILY = 1;
				VALIDATE_PRODUCT = YES;
			};
			name = Release;
		};
		AFD498D41C7BD47F0083B788 /* Debug */ = {
			isa = XCBuildConfiguration;
			baseConfigurationReference = 7057F94977BA930433C45DF4 /* Pods-WineFoodie.debug.xcconfig */;
			buildSettings = {
				ASSETCATALOG_COMPILER_APPICON_NAME = AppIcon;
				CODE_SIGN_IDENTITY = "iPhone Developer";
				"CODE_SIGN_IDENTITY[sdk=iphoneos*]" = "iPhone Developer";
				DEVELOPMENT_TEAM = 9HM5LLY46P;
				INFOPLIST_FILE = WineFoodie/Info.plist;
				IPHONEOS_DEPLOYMENT_TARGET = 9.0;
				LD_RUNPATH_SEARCH_PATHS = "$(inherited) @executable_path/Frameworks";
				PRODUCT_BUNDLE_IDENTIFIER = com.mcivilis.WineFoodie;
				PRODUCT_NAME = "$(TARGET_NAME)";
				PROVISIONING_PROFILE = "24cd69d3-c2c0-451f-b8a9-3aa2d325c629";
				PROVISIONING_PROFILE_SPECIFIER = WineFoodieDevelopment;
				SWIFT_VERSION = 3.0;
			};
			name = Debug;
		};
		AFD498D51C7BD47F0083B788 /* Release */ = {
			isa = XCBuildConfiguration;
			baseConfigurationReference = FD2293189D45697B74EDF94C /* Pods-WineFoodie.release.xcconfig */;
			buildSettings = {
				ASSETCATALOG_COMPILER_APPICON_NAME = AppIcon;
				CODE_SIGN_IDENTITY = "iPhone Distribution";
				"CODE_SIGN_IDENTITY[sdk=iphoneos*]" = "iPhone Distribution";
				DEVELOPMENT_TEAM = 9HM5LLY46P;
				INFOPLIST_FILE = WineFoodie/Info.plist;
				IPHONEOS_DEPLOYMENT_TARGET = 9.0;
				LD_RUNPATH_SEARCH_PATHS = "$(inherited) @executable_path/Frameworks";
				PRODUCT_BUNDLE_IDENTIFIER = com.mcivilis.WineFoodie;
				PRODUCT_NAME = "$(TARGET_NAME)";
				PROVISIONING_PROFILE = "8fa45592-6427-4220-80dc-f5de7b7bb46d";
				PROVISIONING_PROFILE_SPECIFIER = WineFoodieDistribution;
				SWIFT_VERSION = 3.0;
			};
			name = Release;
		};
/* End XCBuildConfiguration section */

/* Begin XCConfigurationList section */
		AFD498BC1C7BD47F0083B788 /* Build configuration list for PBXProject "WineFoodie" */ = {
			isa = XCConfigurationList;
			buildConfigurations = (
				AFD498D11C7BD47F0083B788 /* Debug */,
				AFD498D21C7BD47F0083B788 /* Release */,
			);
			defaultConfigurationIsVisible = 0;
			defaultConfigurationName = Release;
		};
		AFD498D31C7BD47F0083B788 /* Build configuration list for PBXNativeTarget "WineFoodie" */ = {
			isa = XCConfigurationList;
			buildConfigurations = (
				AFD498D41C7BD47F0083B788 /* Debug */,
				AFD498D51C7BD47F0083B788 /* Release */,
			);
			defaultConfigurationIsVisible = 0;
			defaultConfigurationName = Release;
		};
/* End XCConfigurationList section */
	};
	rootObject = AFD498B91C7BD47F0083B788 /* Project object */;
}
