// !$*UTF8*$!
{
	archiveVersion = 1;
	classes = {
	};
	objectVersion = 46;
	objects = {

/* Begin PBXBuildFile section */
		AF2E64221C83620F00079BA2 /* WinePairViewController+Setup.swift in Sources */ = {isa = PBXBuildFile; fileRef = AF2E64211C83620F00079BA2 /* WinePairViewController+Setup.swift */; };
		AF2E64281C83AD4E00079BA2 /* WineCell.swift in Sources */ = {isa = PBXBuildFile; fileRef = AF2E64271C83AD4E00079BA2 /* WineCell.swift */; };
		AF3C4AD71C7F92AE003A5F5F /* WinePairViewController.swift in Sources */ = {isa = PBXBuildFile; fileRef = AF3C4AD61C7F92AE003A5F5F /* WinePairViewController.swift */; };
		AF3C4ADF1C7F9890003A5F5F /* dessert.jpg in Resources */ = {isa = PBXBuildFile; fileRef = AF3C4ADA1C7F9890003A5F5F /* dessert.jpg */; };
		AF3C4AE01C7F9890003A5F5F /* rose.jpg in Resources */ = {isa = PBXBuildFile; fileRef = AF3C4ADB1C7F9890003A5F5F /* rose.jpg */; };
		AF3C4AE11C7F9890003A5F5F /* red.png in Resources */ = {isa = PBXBuildFile; fileRef = AF3C4ADC1C7F9890003A5F5F /* red.png */; };
		AF3C4AE21C7F9890003A5F5F /* sparkling.png in Resources */ = {isa = PBXBuildFile; fileRef = AF3C4ADD1C7F9890003A5F5F /* sparkling.png */; };
		AF3C4AE31C7F9890003A5F5F /* white.png in Resources */ = {isa = PBXBuildFile; fileRef = AF3C4ADE1C7F9890003A5F5F /* white.png */; };
		AF6C47761C8F15140007C4DD /* LCBO.swift in Sources */ = {isa = PBXBuildFile; fileRef = AF6C47751C8F15140007C4DD /* LCBO.swift */; };
		AF6C47781C8F151C0007C4DD /* WinePair.swift in Sources */ = {isa = PBXBuildFile; fileRef = AF6C47771C8F151C0007C4DD /* WinePair.swift */; };
		AF6C477E1C8F1DDE0007C4DD /* WinePairViewController+Helpers.swift in Sources */ = {isa = PBXBuildFile; fileRef = AF6C477D1C8F1DDE0007C4DD /* WinePairViewController+Helpers.swift */; };
		AF6C47801C8F1E5D0007C4DD /* WinePairViewController+Sort.swift in Sources */ = {isa = PBXBuildFile; fileRef = AF6C477F1C8F1E5D0007C4DD /* WinePairViewController+Sort.swift */; };
		AF6C47821C8F1FA10007C4DD /* WinePairViewController+LoadWines.swift in Sources */ = {isa = PBXBuildFile; fileRef = AF6C47811C8F1FA10007C4DD /* WinePairViewController+LoadWines.swift */; };
		AF6C47841C8F724D0007C4DD /* DataManager+Options.swift in Sources */ = {isa = PBXBuildFile; fileRef = AF6C47831C8F724D0007C4DD /* DataManager+Options.swift */; };
		AF6C47861C9071DE0007C4DD /* DataManager+StoreInventory.swift in Sources */ = {isa = PBXBuildFile; fileRef = AF6C47851C9071DE0007C4DD /* DataManager+StoreInventory.swift */; };
		AF729BC31C7F6C92003A1EE0 /* DataManager+LCBOWineList.swift in Sources */ = {isa = PBXBuildFile; fileRef = AF729BC21C7F6C92003A1EE0 /* DataManager+LCBOWineList.swift */; };
		AF7539FD1C7E75C10055D088 /* FoodDefinitions.swift in Sources */ = {isa = PBXBuildFile; fileRef = AF7539FC1C7E75C10055D088 /* FoodDefinitions.swift */; };
		AF7DDB901C87894A003E6417 /* StoreListViewController.swift in Sources */ = {isa = PBXBuildFile; fileRef = AF7DDB8F1C87894A003E6417 /* StoreListViewController.swift */; };
		AF7DDB951C879234003E6417 /* StoreCell.swift in Sources */ = {isa = PBXBuildFile; fileRef = AF7DDB941C879234003E6417 /* StoreCell.swift */; };
		AF7DDB9B1C89FE63003E6417 /* WinePairViewController+Gestures.swift in Sources */ = {isa = PBXBuildFile; fileRef = AF7DDB9A1C89FE63003E6417 /* WinePairViewController+Gestures.swift */; };
		AF9C07D71C8489FE00324FA5 /* segment_header.png in Resources */ = {isa = PBXBuildFile; fileRef = AF9C07D61C8489FE00324FA5 /* segment_header.png */; };
		AF9C07DD1C849A7400324FA5 /* cell_background.png in Resources */ = {isa = PBXBuildFile; fileRef = AF9C07DC1C849A7400324FA5 /* cell_background.png */; };
		AF9C07DF1C849BA900324FA5 /* wine_glass_bubbles_half_full.png in Resources */ = {isa = PBXBuildFile; fileRef = AF9C07DE1C849BA900324FA5 /* wine_glass_bubbles_half_full.png */; };
		AF9C07E21C84FBD600324FA5 /* WineDetailViewController.swift in Sources */ = {isa = PBXBuildFile; fileRef = AF9C07E11C84FBD600324FA5 /* WineDetailViewController.swift */; };
		AF9C07E41C8505B600324FA5 /* MapKit.framework in Frameworks */ = {isa = PBXBuildFile; fileRef = AF9C07E31C8505B600324FA5 /* MapKit.framework */; };
		AF9C07EA1C8613BA00324FA5 /* DataManager+StoreLocations.swift in Sources */ = {isa = PBXBuildFile; fileRef = AF9C07E91C8613BA00324FA5 /* DataManager+StoreLocations.swift */; };
		AF9C07ED1C863AE200324FA5 /* WineDetailViewController+Helpers.swift in Sources */ = {isa = PBXBuildFile; fileRef = AF9C07EC1C863AE200324FA5 /* WineDetailViewController+Helpers.swift */; };
		AF9C07F11C863B8300324FA5 /* WineDetailViewController+Setup.swift in Sources */ = {isa = PBXBuildFile; fileRef = AF9C07F01C863B8300324FA5 /* WineDetailViewController+Setup.swift */; };
		AF9C07F31C863D4A00324FA5 /* WineDetailViewController+Actions.swift in Sources */ = {isa = PBXBuildFile; fileRef = AF9C07F21C863D4A00324FA5 /* WineDetailViewController+Actions.swift */; };
		AF9C07F51C87374E00324FA5 /* iconLCBO.png in Resources */ = {isa = PBXBuildFile; fileRef = AF9C07F41C87374E00324FA5 /* iconLCBO.png */; };
		AF9C07F91C8743E900324FA5 /* ViewControllerSettings.swift in Sources */ = {isa = PBXBuildFile; fileRef = AF9C07F81C8743E900324FA5 /* ViewControllerSettings.swift */; };
		AFABCE5B1C7E888400B711F3 /* FoodCell.swift in Sources */ = {isa = PBXBuildFile; fileRef = AFABCE5A1C7E888400B711F3 /* FoodCell.swift */; };
		AFABCE5D1C7E8B7300B711F3 /* FoodHeader.swift in Sources */ = {isa = PBXBuildFile; fileRef = AFABCE5C1C7E8B7300B711F3 /* FoodHeader.swift */; };
		AFD498C51C7BD47F0083B788 /* AppDelegate.swift in Sources */ = {isa = PBXBuildFile; fileRef = AFD498C41C7BD47F0083B788 /* AppDelegate.swift */; };
		AFD498C71C7BD47F0083B788 /* MainViewController.swift in Sources */ = {isa = PBXBuildFile; fileRef = AFD498C61C7BD47F0083B788 /* MainViewController.swift */; };
		AFD498CA1C7BD47F0083B788 /* Main.storyboard in Resources */ = {isa = PBXBuildFile; fileRef = AFD498C81C7BD47F0083B788 /* Main.storyboard */; };
		AFD498CC1C7BD47F0083B788 /* Assets.xcassets in Resources */ = {isa = PBXBuildFile; fileRef = AFD498CB1C7BD47F0083B788 /* Assets.xcassets */; };
		AFD498CF1C7BD47F0083B788 /* LaunchScreen.storyboard in Resources */ = {isa = PBXBuildFile; fileRef = AFD498CD1C7BD47F0083B788 /* LaunchScreen.storyboard */; };
		AFD498D71C7BD4930083B788 /* DataManager.swift in Sources */ = {isa = PBXBuildFile; fileRef = AFD498D61C7BD4930083B788 /* DataManager.swift */; };
/* End PBXBuildFile section */

/* Begin PBXFileReference section */
		AF2E64211C83620F00079BA2 /* WinePairViewController+Setup.swift */ = {isa = PBXFileReference; fileEncoding = 4; lastKnownFileType = sourcecode.swift; path = "WinePairViewController+Setup.swift"; sourceTree = "<group>"; };
		AF2E64271C83AD4E00079BA2 /* WineCell.swift */ = {isa = PBXFileReference; fileEncoding = 4; lastKnownFileType = sourcecode.swift; name = WineCell.swift; path = ../WineCell.swift; sourceTree = "<group>"; };
		AF3C4AD61C7F92AE003A5F5F /* WinePairViewController.swift */ = {isa = PBXFileReference; fileEncoding = 4; lastKnownFileType = sourcecode.swift; path = WinePairViewController.swift; sourceTree = "<group>"; };
		AF3C4ADA1C7F9890003A5F5F /* dessert.jpg */ = {isa = PBXFileReference; lastKnownFileType = image.jpeg; path = dessert.jpg; sourceTree = "<group>"; };
		AF3C4ADB1C7F9890003A5F5F /* rose.jpg */ = {isa = PBXFileReference; lastKnownFileType = image.jpeg; path = rose.jpg; sourceTree = "<group>"; };
		AF3C4ADC1C7F9890003A5F5F /* red.png */ = {isa = PBXFileReference; lastKnownFileType = image.png; path = red.png; sourceTree = "<group>"; };
		AF3C4ADD1C7F9890003A5F5F /* sparkling.png */ = {isa = PBXFileReference; lastKnownFileType = image.png; path = sparkling.png; sourceTree = "<group>"; };
		AF3C4ADE1C7F9890003A5F5F /* white.png */ = {isa = PBXFileReference; lastKnownFileType = image.png; path = white.png; sourceTree = "<group>"; };
		AF6C47751C8F15140007C4DD /* LCBO.swift */ = {isa = PBXFileReference; fileEncoding = 4; lastKnownFileType = sourcecode.swift; path = LCBO.swift; sourceTree = "<group>"; };
		AF6C47771C8F151C0007C4DD /* WinePair.swift */ = {isa = PBXFileReference; fileEncoding = 4; lastKnownFileType = sourcecode.swift; path = WinePair.swift; sourceTree = "<group>"; };
		AF6C477D1C8F1DDE0007C4DD /* WinePairViewController+Helpers.swift */ = {isa = PBXFileReference; fileEncoding = 4; lastKnownFileType = sourcecode.swift; path = "WinePairViewController+Helpers.swift"; sourceTree = "<group>"; };
		AF6C477F1C8F1E5D0007C4DD /* WinePairViewController+Sort.swift */ = {isa = PBXFileReference; fileEncoding = 4; lastKnownFileType = sourcecode.swift; path = "WinePairViewController+Sort.swift"; sourceTree = "<group>"; };
		AF6C47811C8F1FA10007C4DD /* WinePairViewController+LoadWines.swift */ = {isa = PBXFileReference; fileEncoding = 4; lastKnownFileType = sourcecode.swift; path = "WinePairViewController+LoadWines.swift"; sourceTree = "<group>"; };
		AF6C47831C8F724D0007C4DD /* DataManager+Options.swift */ = {isa = PBXFileReference; fileEncoding = 4; lastKnownFileType = sourcecode.swift; path = "DataManager+Options.swift"; sourceTree = "<group>"; };
		AF6C47851C9071DE0007C4DD /* DataManager+StoreInventory.swift */ = {isa = PBXFileReference; fileEncoding = 4; lastKnownFileType = sourcecode.swift; path = "DataManager+StoreInventory.swift"; sourceTree = "<group>"; };
		AF729BC21C7F6C92003A1EE0 /* DataManager+LCBOWineList.swift */ = {isa = PBXFileReference; fileEncoding = 4; lastKnownFileType = sourcecode.swift; path = "DataManager+LCBOWineList.swift"; sourceTree = "<group>"; };
		AF7539FC1C7E75C10055D088 /* FoodDefinitions.swift */ = {isa = PBXFileReference; fileEncoding = 4; lastKnownFileType = sourcecode.swift; path = FoodDefinitions.swift; sourceTree = "<group>"; };
		AF7DDB8F1C87894A003E6417 /* StoreListViewController.swift */ = {isa = PBXFileReference; fileEncoding = 4; lastKnownFileType = sourcecode.swift; path = StoreListViewController.swift; sourceTree = "<group>"; };
		AF7DDB941C879234003E6417 /* StoreCell.swift */ = {isa = PBXFileReference; fileEncoding = 4; lastKnownFileType = sourcecode.swift; path = StoreCell.swift; sourceTree = "<group>"; };
		AF7DDB9A1C89FE63003E6417 /* WinePairViewController+Gestures.swift */ = {isa = PBXFileReference; fileEncoding = 4; lastKnownFileType = sourcecode.swift; path = "WinePairViewController+Gestures.swift"; sourceTree = "<group>"; };
		AF9C07D61C8489FE00324FA5 /* segment_header.png */ = {isa = PBXFileReference; lastKnownFileType = image.png; path = segment_header.png; sourceTree = "<group>"; };
		AF9C07DC1C849A7400324FA5 /* cell_background.png */ = {isa = PBXFileReference; lastKnownFileType = image.png; path = cell_background.png; sourceTree = "<group>"; };
		AF9C07DE1C849BA900324FA5 /* wine_glass_bubbles_half_full.png */ = {isa = PBXFileReference; lastKnownFileType = image.png; path = wine_glass_bubbles_half_full.png; sourceTree = "<group>"; };
		AF9C07E11C84FBD600324FA5 /* WineDetailViewController.swift */ = {isa = PBXFileReference; fileEncoding = 4; lastKnownFileType = sourcecode.swift; path = WineDetailViewController.swift; sourceTree = "<group>"; };
		AF9C07E31C8505B600324FA5 /* MapKit.framework */ = {isa = PBXFileReference; lastKnownFileType = wrapper.framework; name = MapKit.framework; path = System/Library/Frameworks/MapKit.framework; sourceTree = SDKROOT; };
		AF9C07E91C8613BA00324FA5 /* DataManager+StoreLocations.swift */ = {isa = PBXFileReference; fileEncoding = 4; lastKnownFileType = sourcecode.swift; path = "DataManager+StoreLocations.swift"; sourceTree = "<group>"; };
		AF9C07EB1C8632FD00324FA5 /* Toronto.gpx */ = {isa = PBXFileReference; lastKnownFileType = text.xml; path = Toronto.gpx; sourceTree = "<group>"; };
		AF9C07EC1C863AE200324FA5 /* WineDetailViewController+Helpers.swift */ = {isa = PBXFileReference; fileEncoding = 4; lastKnownFileType = sourcecode.swift; path = "WineDetailViewController+Helpers.swift"; sourceTree = "<group>"; };
		AF9C07F01C863B8300324FA5 /* WineDetailViewController+Setup.swift */ = {isa = PBXFileReference; fileEncoding = 4; lastKnownFileType = sourcecode.swift; path = "WineDetailViewController+Setup.swift"; sourceTree = "<group>"; };
		AF9C07F21C863D4A00324FA5 /* WineDetailViewController+Actions.swift */ = {isa = PBXFileReference; fileEncoding = 4; lastKnownFileType = sourcecode.swift; name = "WineDetailViewController+Actions.swift"; path = "../WineDetailViewController+Actions.swift"; sourceTree = "<group>"; };
		AF9C07F41C87374E00324FA5 /* iconLCBO.png */ = {isa = PBXFileReference; lastKnownFileType = image.png; path = iconLCBO.png; sourceTree = "<group>"; };
		AF9C07F81C8743E900324FA5 /* ViewControllerSettings.swift */ = {isa = PBXFileReference; fileEncoding = 4; lastKnownFileType = sourcecode.swift; path = ViewControllerSettings.swift; sourceTree = "<group>"; };
		AFABCE5A1C7E888400B711F3 /* FoodCell.swift */ = {isa = PBXFileReference; fileEncoding = 4; lastKnownFileType = sourcecode.swift; path = FoodCell.swift; sourceTree = "<group>"; };
		AFABCE5C1C7E8B7300B711F3 /* FoodHeader.swift */ = {isa = PBXFileReference; fileEncoding = 4; lastKnownFileType = sourcecode.swift; path = FoodHeader.swift; sourceTree = "<group>"; };
		AFD498C11C7BD47F0083B788 /* WineFoodie.app */ = {isa = PBXFileReference; explicitFileType = wrapper.application; includeInIndex = 0; path = WineFoodie.app; sourceTree = BUILT_PRODUCTS_DIR; };
		AFD498C41C7BD47F0083B788 /* AppDelegate.swift */ = {isa = PBXFileReference; lastKnownFileType = sourcecode.swift; path = AppDelegate.swift; sourceTree = "<group>"; };
		AFD498C61C7BD47F0083B788 /* MainViewController.swift */ = {isa = PBXFileReference; lastKnownFileType = sourcecode.swift; path = MainViewController.swift; sourceTree = "<group>"; };
		AFD498C91C7BD47F0083B788 /* Base */ = {isa = PBXFileReference; lastKnownFileType = file.storyboard; name = Base; path = Base.lproj/Main.storyboard; sourceTree = "<group>"; };
		AFD498CB1C7BD47F0083B788 /* Assets.xcassets */ = {isa = PBXFileReference; lastKnownFileType = folder.assetcatalog; path = Assets.xcassets; sourceTree = "<group>"; };
		AFD498CE1C7BD47F0083B788 /* Base */ = {isa = PBXFileReference; lastKnownFileType = file.storyboard; name = Base; path = Base.lproj/LaunchScreen.storyboard; sourceTree = "<group>"; };
		AFD498D01C7BD47F0083B788 /* Info.plist */ = {isa = PBXFileReference; lastKnownFileType = text.plist.xml; path = Info.plist; sourceTree = "<group>"; };
		AFD498D61C7BD4930083B788 /* DataManager.swift */ = {isa = PBXFileReference; fileEncoding = 4; lastKnownFileType = sourcecode.swift; path = DataManager.swift; sourceTree = "<group>"; };
/* End PBXFileReference section */

/* Begin PBXFrameworksBuildPhase section */
		AFD498BE1C7BD47F0083B788 /* Frameworks */ = {
			isa = PBXFrameworksBuildPhase;
			buildActionMask = 2147483647;
			files = (
				AF9C07E41C8505B600324FA5 /* MapKit.framework in Frameworks */,
			);
			runOnlyForDeploymentPostprocessing = 0;
		};
/* End PBXFrameworksBuildPhase section */

/* Begin PBXGroup section */
		AF3C4AD51C7F9266003A5F5F /* WinePairViewController */ = {
			isa = PBXGroup;
			children = (
				AF3C4AD61C7F92AE003A5F5F /* WinePairViewController.swift */,
				AF2E64211C83620F00079BA2 /* WinePairViewController+Setup.swift */,
				AF6C47811C8F1FA10007C4DD /* WinePairViewController+LoadWines.swift */,
				AF6C477F1C8F1E5D0007C4DD /* WinePairViewController+Sort.swift */,
				AF7DDB9A1C89FE63003E6417 /* WinePairViewController+Gestures.swift */,
				AF6C477D1C8F1DDE0007C4DD /* WinePairViewController+Helpers.swift */,
				AF2E64271C83AD4E00079BA2 /* WineCell.swift */,
			);
			name = WinePairViewController;
			sourceTree = "<group>";
		};
		AF3C4AE41C7F98A4003A5F5F /* images */ = {
			isa = PBXGroup;
			children = (
				AF9C07F41C87374E00324FA5 /* iconLCBO.png */,
				AF9C07DE1C849BA900324FA5 /* wine_glass_bubbles_half_full.png */,
				AF9C07DC1C849A7400324FA5 /* cell_background.png */,
				AF9C07D61C8489FE00324FA5 /* segment_header.png */,
				AF3C4ADA1C7F9890003A5F5F /* dessert.jpg */,
				AF3C4ADB1C7F9890003A5F5F /* rose.jpg */,
				AF3C4ADC1C7F9890003A5F5F /* red.png */,
				AF3C4ADD1C7F9890003A5F5F /* sparkling.png */,
				AF3C4ADE1C7F9890003A5F5F /* white.png */,
			);
			name = images;
			sourceTree = "<group>";
		};
		AF7DDB911C878958003E6417 /* StoreListViewController */ = {
			isa = PBXGroup;
			children = (
				AF7DDB8F1C87894A003E6417 /* StoreListViewController.swift */,
				AF7DDB941C879234003E6417 /* StoreCell.swift */,
			);
			name = StoreListViewController;
			sourceTree = "<group>";
		};
		AF9C07E01C84FBAF00324FA5 /* WineDetailViewController */ = {
			isa = PBXGroup;
			children = (
				AF9C07E11C84FBD600324FA5 /* WineDetailViewController.swift */,
				AF9C07F01C863B8300324FA5 /* WineDetailViewController+Setup.swift */,
				AF9C07EC1C863AE200324FA5 /* WineDetailViewController+Helpers.swift */,
				AF9C07F21C863D4A00324FA5 /* WineDetailViewController+Actions.swift */,
			);
			name = WineDetailViewController;
			sourceTree = "<group>";
		};
		AFABCE591C7E83D500B711F3 /* View Controllers */ = {
			isa = PBXGroup;
			children = (
				AF7DDB911C878958003E6417 /* StoreListViewController */,
				AF9C07E01C84FBAF00324FA5 /* WineDetailViewController */,
				AF3C4AD51C7F9266003A5F5F /* WinePairViewController */,
				AFABCE5E1C7E8B8100B711F3 /* MainViewContorller */,
			);
			name = "View Controllers";
			sourceTree = "<group>";
		};
		AFABCE5E1C7E8B8100B711F3 /* MainViewContorller */ = {
			isa = PBXGroup;
			children = (
				AFD498C61C7BD47F0083B788 /* MainViewController.swift */,
				AFABCE5A1C7E888400B711F3 /* FoodCell.swift */,
				AFABCE5C1C7E8B7300B711F3 /* FoodHeader.swift */,
			);
			name = MainViewContorller;
			sourceTree = "<group>";
		};
		AFABCE621C7F469500B711F3 /* Model */ = {
			isa = PBXGroup;
			children = (
				AF6C47751C8F15140007C4DD /* LCBO.swift */,
				AF6C47771C8F151C0007C4DD /* WinePair.swift */,
				AF7539FC1C7E75C10055D088 /* FoodDefinitions.swift */,
			);
			name = Model;
			sourceTree = "<group>";
		};
		AFCFBE631C7CBAE6007D360C /* DataManager */ = {
			isa = PBXGroup;
			children = (
				AF6C47851C9071DE0007C4DD /* DataManager+StoreInventory.swift */,
				AF9C07E91C8613BA00324FA5 /* DataManager+StoreLocations.swift */,
				AF729BC21C7F6C92003A1EE0 /* DataManager+LCBOWineList.swift */,
				AF6C47831C8F724D0007C4DD /* DataManager+Options.swift */,
				AFD498D61C7BD4930083B788 /* DataManager.swift */,
			);
			name = DataManager;
			sourceTree = "<group>";
		};
		AFD498B81C7BD47F0083B788 = {
			isa = PBXGroup;
			children = (
				AF9C07EB1C8632FD00324FA5 /* Toronto.gpx */,
				AF9C07E31C8505B600324FA5 /* MapKit.framework */,
				AFD498C31C7BD47F0083B788 /* WineFoodie */,
				AFD498C21C7BD47F0083B788 /* Products */,
			);
			sourceTree = "<group>";
		};
		AFD498C21C7BD47F0083B788 /* Products */ = {
			isa = PBXGroup;
			children = (
				AFD498C11C7BD47F0083B788 /* WineFoodie.app */,
			);
			name = Products;
			sourceTree = "<group>";
		};
		AFD498C31C7BD47F0083B788 /* WineFoodie */ = {
			isa = PBXGroup;
			children = (
				AFD498C41C7BD47F0083B788 /* AppDelegate.swift */,
				AF9C07F81C8743E900324FA5 /* ViewControllerSettings.swift */,
				AFABCE591C7E83D500B711F3 /* View Controllers */,
				AFABCE621C7F469500B711F3 /* Model */,
				AFCFBE631C7CBAE6007D360C /* DataManager */,
				AFD498C81C7BD47F0083B788 /* Main.storyboard */,
				AFD498CB1C7BD47F0083B788 /* Assets.xcassets */,
				AF3C4AE41C7F98A4003A5F5F /* images */,
				AFD498CD1C7BD47F0083B788 /* LaunchScreen.storyboard */,
				AFD498D01C7BD47F0083B788 /* Info.plist */,
			);
			path = WineFoodie;
			sourceTree = "<group>";
		};
/* End PBXGroup section */

/* Begin PBXNativeTarget section */
		AFD498C01C7BD47F0083B788 /* WineFoodie */ = {
			isa = PBXNativeTarget;
			buildConfigurationList = AFD498D31C7BD47F0083B788 /* Build configuration list for PBXNativeTarget "WineFoodie" */;
			buildPhases = (
				AFD498BD1C7BD47F0083B788 /* Sources */,
				AFD498BE1C7BD47F0083B788 /* Frameworks */,
				AFD498BF1C7BD47F0083B788 /* Resources */,
			);
			buildRules = (
			);
			dependencies = (
			);
			name = WineFoodie;
			productName = WineFoodie;
			productReference = AFD498C11C7BD47F0083B788 /* WineFoodie.app */;
			productType = "com.apple.product-type.application";
		};
/* End PBXNativeTarget section */

/* Begin PBXProject section */
		AFD498B91C7BD47F0083B788 /* Project object */ = {
			isa = PBXProject;
			attributes = {
				KnownAssetTags = (
					0,
					1,
				);
				LastSwiftUpdateCheck = 0720;
				LastUpgradeCheck = 0720;
				ORGANIZATIONNAME = mcivilis;
				TargetAttributes = {
					AFD498C01C7BD47F0083B788 = {
						CreatedOnToolsVersion = 7.2.1;
					};
				};
			};
			buildConfigurationList = AFD498BC1C7BD47F0083B788 /* Build configuration list for PBXProject "WineFoodie" */;
			compatibilityVersion = "Xcode 3.2";
			developmentRegion = English;
			hasScannedForEncodings = 0;
			knownRegions = (
				en,
				Base,
			);
			mainGroup = AFD498B81C7BD47F0083B788;
			productRefGroup = AFD498C21C7BD47F0083B788 /* Products */;
			projectDirPath = "";
			projectRoot = "";
			targets = (
				AFD498C01C7BD47F0083B788 /* WineFoodie */,
			);
		};
/* End PBXProject section */

/* Begin PBXResourcesBuildPhase section */
		AFD498BF1C7BD47F0083B788 /* Resources */ = {
			isa = PBXResourcesBuildPhase;
			buildActionMask = 2147483647;
			files = (
				AF9C07F51C87374E00324FA5 /* iconLCBO.png in Resources */,
				AF3C4ADF1C7F9890003A5F5F /* dessert.jpg in Resources */,
				AF9C07DF1C849BA900324FA5 /* wine_glass_bubbles_half_full.png in Resources */,
				AF3C4AE01C7F9890003A5F5F /* rose.jpg in Resources */,
				AFD498CF1C7BD47F0083B788 /* LaunchScreen.storyboard in Resources */,
				AF3C4AE11C7F9890003A5F5F /* red.png in Resources */,
				AF3C4AE21C7F9890003A5F5F /* sparkling.png in Resources */,
				AF9C07DD1C849A7400324FA5 /* cell_background.png in Resources */,
				AF3C4AE31C7F9890003A5F5F /* white.png in Resources */,
				AFD498CC1C7BD47F0083B788 /* Assets.xcassets in Resources */,
				AF9C07D71C8489FE00324FA5 /* segment_header.png in Resources */,
				AFD498CA1C7BD47F0083B788 /* Main.storyboard in Resources */,
			);
			runOnlyForDeploymentPostprocessing = 0;
		};
/* End PBXResourcesBuildPhase section */

/* Begin PBXSourcesBuildPhase section */
		AFD498BD1C7BD47F0083B788 /* Sources */ = {
			isa = PBXSourcesBuildPhase;
			buildActionMask = 2147483647;
			files = (
				AF9C07E21C84FBD600324FA5 /* WineDetailViewController.swift in Sources */,
				AF6C47801C8F1E5D0007C4DD /* WinePairViewController+Sort.swift in Sources */,
				AF6C47841C8F724D0007C4DD /* DataManager+Options.swift in Sources */,
				AF9C07F31C863D4A00324FA5 /* WineDetailViewController+Actions.swift in Sources */,
				AFABCE5D1C7E8B7300B711F3 /* FoodHeader.swift in Sources */,
				AF6C477E1C8F1DDE0007C4DD /* WinePairViewController+Helpers.swift in Sources */,
				AF2E64221C83620F00079BA2 /* WinePairViewController+Setup.swift in Sources */,
				AF6C47781C8F151C0007C4DD /* WinePair.swift in Sources */,
				AF9C07ED1C863AE200324FA5 /* WineDetailViewController+Helpers.swift in Sources */,
				AF7DDB951C879234003E6417 /* StoreCell.swift in Sources */,
				AFD498C71C7BD47F0083B788 /* MainViewController.swift in Sources */,
				AF729BC31C7F6C92003A1EE0 /* DataManager+LCBOWineList.swift in Sources */,
				AF3C4AD71C7F92AE003A5F5F /* WinePairViewController.swift in Sources */,
				AF9C07F11C863B8300324FA5 /* WineDetailViewController+Setup.swift in Sources */,
				AF7539FD1C7E75C10055D088 /* FoodDefinitions.swift in Sources */,
				AFD498D71C7BD4930083B788 /* DataManager.swift in Sources */,
				AF7DDB901C87894A003E6417 /* StoreListViewController.swift in Sources */,
				AF7DDB9B1C89FE63003E6417 /* WinePairViewController+Gestures.swift in Sources */,
				AFABCE5B1C7E888400B711F3 /* FoodCell.swift in Sources */,
				AF9C07EA1C8613BA00324FA5 /* DataManager+StoreLocations.swift in Sources */,
				AF2E64281C83AD4E00079BA2 /* WineCell.swift in Sources */,
				AFD498C51C7BD47F0083B788 /* AppDelegate.swift in Sources */,
				AF6C47861C9071DE0007C4DD /* DataManager+StoreInventory.swift in Sources */,
				AF6C47761C8F15140007C4DD /* LCBO.swift in Sources */,
				AF6C47821C8F1FA10007C4DD /* WinePairViewController+LoadWines.swift in Sources */,
				AF9C07F91C8743E900324FA5 /* ViewControllerSettings.swift in Sources */,
			);
			runOnlyForDeploymentPostprocessing = 0;
		};
/* End PBXSourcesBuildPhase section */

/* Begin PBXVariantGroup section */
		AFD498C81C7BD47F0083B788 /* Main.storyboard */ = {
			isa = PBXVariantGroup;
			children = (
				AFD498C91C7BD47F0083B788 /* Base */,
			);
			name = Main.storyboard;
			sourceTree = "<group>";
		};
		AFD498CD1C7BD47F0083B788 /* LaunchScreen.storyboard */ = {
			isa = PBXVariantGroup;
			children = (
				AFD498CE1C7BD47F0083B788 /* Base */,
			);
			name = LaunchScreen.storyboard;
			sourceTree = "<group>";
		};
/* End PBXVariantGroup section */

/* Begin XCBuildConfiguration section */
		AFD498D11C7BD47F0083B788 /* Debug */ = {
			isa = XCBuildConfiguration;
			buildSettings = {
				ALWAYS_SEARCH_USER_PATHS = NO;
				CLANG_CXX_LANGUAGE_STANDARD = "gnu++0x";
				CLANG_CXX_LIBRARY = "libc++";
				CLANG_ENABLE_MODULES = YES;
				CLANG_ENABLE_OBJC_ARC = YES;
				CLANG_WARN_BOOL_CONVERSION = YES;
				CLANG_WARN_CONSTANT_CONVERSION = YES;
				CLANG_WARN_DIRECT_OBJC_ISA_USAGE = YES_ERROR;
				CLANG_WARN_EMPTY_BODY = YES;
				CLANG_WARN_ENUM_CONVERSION = YES;
				CLANG_WARN_INT_CONVERSION = YES;
				CLANG_WARN_OBJC_ROOT_CLASS = YES_ERROR;
				CLANG_WARN_UNREACHABLE_CODE = YES;
				CLANG_WARN__DUPLICATE_METHOD_MATCH = YES;
				"CODE_SIGN_IDENTITY[sdk=iphoneos*]" = "iPhone Developer";
				COPY_PHASE_STRIP = NO;
				DEBUG_INFORMATION_FORMAT = dwarf;
				ENABLE_STRICT_OBJC_MSGSEND = YES;
				ENABLE_TESTABILITY = YES;
				GCC_C_LANGUAGE_STANDARD = gnu99;
				GCC_DYNAMIC_NO_PIC = NO;
				GCC_NO_COMMON_BLOCKS = YES;
				GCC_OPTIMIZATION_LEVEL = 0;
				GCC_PREPROCESSOR_DEFINITIONS = (
					"DEBUG=1",
					"$(inherited)",
				);
				GCC_WARN_64_TO_32_BIT_CONVERSION = YES;
				GCC_WARN_ABOUT_RETURN_TYPE = YES_ERROR;
				GCC_WARN_UNDECLARED_SELECTOR = YES;
				GCC_WARN_UNINITIALIZED_AUTOS = YES_AGGRESSIVE;
				GCC_WARN_UNUSED_FUNCTION = YES;
				GCC_WARN_UNUSED_VARIABLE = YES;
				IPHONEOS_DEPLOYMENT_TARGET = 9.2;
				MTL_ENABLE_DEBUG_INFO = YES;
				ONLY_ACTIVE_ARCH = YES;
				SDKROOT = iphoneos;
				SWIFT_OPTIMIZATION_LEVEL = "-Onone";
				TARGETED_DEVICE_FAMILY = "1,2";
			};
			name = Debug;
		};
		AFD498D21C7BD47F0083B788 /* Release */ = {
			isa = XCBuildConfiguration;
			buildSettings = {
				ALWAYS_SEARCH_USER_PATHS = NO;
				CLANG_CXX_LANGUAGE_STANDARD = "gnu++0x";
				CLANG_CXX_LIBRARY = "libc++";
				CLANG_ENABLE_MODULES = YES;
				CLANG_ENABLE_OBJC_ARC = YES;
				CLANG_WARN_BOOL_CONVERSION = YES;
				CLANG_WARN_CONSTANT_CONVERSION = YES;
				CLANG_WARN_DIRECT_OBJC_ISA_USAGE = YES_ERROR;
				CLANG_WARN_EMPTY_BODY = YES;
				CLANG_WARN_ENUM_CONVERSION = YES;
				CLANG_WARN_INT_CONVERSION = YES;
				CLANG_WARN_OBJC_ROOT_CLASS = YES_ERROR;
				CLANG_WARN_UNREACHABLE_CODE = YES;
				CLANG_WARN__DUPLICATE_METHOD_MATCH = YES;
				"CODE_SIGN_IDENTITY[sdk=iphoneos*]" = "iPhone Developer";
				COPY_PHASE_STRIP = NO;
				DEBUG_INFORMATION_FORMAT = "dwarf-with-dsym";
				ENABLE_NS_ASSERTIONS = NO;
				ENABLE_STRICT_OBJC_MSGSEND = YES;
				GCC_C_LANGUAGE_STANDARD = gnu99;
				GCC_NO_COMMON_BLOCKS = YES;
				GCC_WARN_64_TO_32_BIT_CONVERSION = YES;
				GCC_WARN_ABOUT_RETURN_TYPE = YES_ERROR;
				GCC_WARN_UNDECLARED_SELECTOR = YES;
				GCC_WARN_UNINITIALIZED_AUTOS = YES_AGGRESSIVE;
				GCC_WARN_UNUSED_FUNCTION = YES;
				GCC_WARN_UNUSED_VARIABLE = YES;
				IPHONEOS_DEPLOYMENT_TARGET = 9.2;
				MTL_ENABLE_DEBUG_INFO = NO;
				SDKROOT = iphoneos;
				TARGETED_DEVICE_FAMILY = "1,2";
				VALIDATE_PRODUCT = YES;
			};
			name = Release;
		};
		AFD498D41C7BD47F0083B788 /* Debug */ = {
			isa = XCBuildConfiguration;
			buildSettings = {
				ASSETCATALOG_COMPILER_APPICON_NAME = AppIcon;
				INFOPLIST_FILE = WineFoodie/Info.plist;
				LD_RUNPATH_SEARCH_PATHS = "$(inherited) @executable_path/Frameworks";
				PRODUCT_BUNDLE_IDENTIFIER = com.mcivilis.WineFoodie;
				PRODUCT_NAME = "$(TARGET_NAME)";
			};
			name = Debug;
		};
		AFD498D51C7BD47F0083B788 /* Release */ = {
			isa = XCBuildConfiguration;
			buildSettings = {
				ASSETCATALOG_COMPILER_APPICON_NAME = AppIcon;
				INFOPLIST_FILE = WineFoodie/Info.plist;
				LD_RUNPATH_SEARCH_PATHS = "$(inherited) @executable_path/Frameworks";
				PRODUCT_BUNDLE_IDENTIFIER = com.mcivilis.WineFoodie;
				PRODUCT_NAME = "$(TARGET_NAME)";
			};
			name = Release;
		};
/* End XCBuildConfiguration section */

/* Begin XCConfigurationList section */
		AFD498BC1C7BD47F0083B788 /* Build configuration list for PBXProject "WineFoodie" */ = {
			isa = XCConfigurationList;
			buildConfigurations = (
				AFD498D11C7BD47F0083B788 /* Debug */,
				AFD498D21C7BD47F0083B788 /* Release */,
			);
			defaultConfigurationIsVisible = 0;
			defaultConfigurationName = Release;
		};
		AFD498D31C7BD47F0083B788 /* Build configuration list for PBXNativeTarget "WineFoodie" */ = {
			isa = XCConfigurationList;
			buildConfigurations = (
				AFD498D41C7BD47F0083B788 /* Debug */,
				AFD498D51C7BD47F0083B788 /* Release */,
			);
			defaultConfigurationIsVisible = 0;
			defaultConfigurationName = Release;
		};
/* End XCConfigurationList section */
	};
	rootObject = AFD498B91C7BD47F0083B788 /* Project object */;
}
